// !$*UTF8*$!
{
	archiveVersion = 1;
	classes = {
	};
	objectVersion = 56;
	objects = {

/* Begin PBXBuildFile section */
		005EEFC62BC685EA00D46BB6 /* AppDelegate.swift in Sources */ = {isa = PBXBuildFile; fileRef = 005EEFC52BC685EA00D46BB6 /* AppDelegate.swift */; };
		005EEFC82BC685EA00D46BB6 /* SceneDelegate.swift in Sources */ = {isa = PBXBuildFile; fileRef = 005EEFC72BC685EA00D46BB6 /* SceneDelegate.swift */; };
		005EEFCA2BC685EA00D46BB6 /* TaskViewController.swift in Sources */ = {isa = PBXBuildFile; fileRef = 005EEFC92BC685EA00D46BB6 /* TaskViewController.swift */; };
		005EEFCF2BC685EC00D46BB6 /* Assets.xcassets in Resources */ = {isa = PBXBuildFile; fileRef = 005EEFCE2BC685EC00D46BB6 /* Assets.xcassets */; };
		005EEFD22BC685EC00D46BB6 /* LaunchScreen.storyboard in Resources */ = {isa = PBXBuildFile; fileRef = 005EEFD02BC685EC00D46BB6 /* LaunchScreen.storyboard */; };
		0095D00B2BC94CAA001E680B /* TaskViewModel.swift in Sources */ = {isa = PBXBuildFile; fileRef = 0095D00A2BC94CAA001E680B /* TaskViewModel.swift */; };
		00A629212BCCD7C100F72AC0 /* TaskAViewController.swift in Sources */ = {isa = PBXBuildFile; fileRef = 00A629202BCCD7C100F72AC0 /* TaskAViewController.swift */; };
		00BD657B2BCC1D880070E013 /* GoogleService-Info.plist in Resources */ = {isa = PBXBuildFile; fileRef = 00BD657A2BCC1D880070E013 /* GoogleService-Info.plist */; };
		00C35F8F2BC7C18800AB7B7D /* FirebaseAuth in Frameworks */ = {isa = PBXBuildFile; productRef = 00C35F8E2BC7C18800AB7B7D /* FirebaseAuth */; };
		00C35F912BC7C18800AB7B7D /* FirebaseDatabaseSwift in Frameworks */ = {isa = PBXBuildFile; productRef = 00C35F902BC7C18800AB7B7D /* FirebaseDatabaseSwift */; };
		00C35F932BC7C18800AB7B7D /* FirebaseFirestoreSwift in Frameworks */ = {isa = PBXBuildFile; productRef = 00C35F922BC7C18800AB7B7D /* FirebaseFirestoreSwift */; };
		00C35F952BC7F27600AB7B7D /* TaskModel.swift in Sources */ = {isa = PBXBuildFile; fileRef = 00C35F942BC7F27600AB7B7D /* TaskModel.swift */; };
		00C35F982BC822D600AB7B7D /* FireStoreManager.swift in Sources */ = {isa = PBXBuildFile; fileRef = 00C35F972BC822D600AB7B7D /* FireStoreManager.swift */; };
		00CEB1332BCA87D900AC350B /* UIColorExt.swift in Sources */ = {isa = PBXBuildFile; fileRef = 00CEB1322BCA87D900AC350B /* UIColorExt.swift */; };
		00CEB1352BCA957100AC350B /* TaskCell.swift in Sources */ = {isa = PBXBuildFile; fileRef = 00CEB1342BCA957100AC350B /* TaskCell.swift */; };
		00CEB1372BCA95F500AC350B /* TaskCell.xib in Resources */ = {isa = PBXBuildFile; fileRef = 00CEB1362BCA95F500AC350B /* TaskCell.xib */; };
		00CEB13A2BCAC0C500AC350B /* DraggableMarkableView.swift in Sources */ = {isa = PBXBuildFile; fileRef = 00CEB1392BCAC0C500AC350B /* DraggableMarkableView.swift */; };
		00CEB13C2BCAC15C00AC350B /* DraggableMarkerManager.swift in Sources */ = {isa = PBXBuildFile; fileRef = 00CEB13B2BCAC15C00AC350B /* DraggableMarkerManager.swift */; };
		00CEB13E2BCAC4A900AC350B /* MapViewController.swift in Sources */ = {isa = PBXBuildFile; fileRef = 00CEB13D2BCAC4A900AC350B /* MapViewController.swift */; };
		4F9BC837CF4611874DB058C0 /* Pods_CityAdventure.framework in Frameworks */ = {isa = PBXBuildFile; fileRef = A0AE49F8F3964B5A4ED19429 /* Pods_CityAdventure.framework */; };
/* End PBXBuildFile section */

/* Begin PBXFileReference section */
		005EEFC22BC685EA00D46BB6 /* CityAdventure.app */ = {isa = PBXFileReference; explicitFileType = wrapper.application; includeInIndex = 0; path = CityAdventure.app; sourceTree = BUILT_PRODUCTS_DIR; };
		005EEFC52BC685EA00D46BB6 /* AppDelegate.swift */ = {isa = PBXFileReference; lastKnownFileType = sourcecode.swift; path = AppDelegate.swift; sourceTree = "<group>"; };
		005EEFC72BC685EA00D46BB6 /* SceneDelegate.swift */ = {isa = PBXFileReference; lastKnownFileType = sourcecode.swift; path = SceneDelegate.swift; sourceTree = "<group>"; };
		005EEFC92BC685EA00D46BB6 /* TaskViewController.swift */ = {isa = PBXFileReference; lastKnownFileType = sourcecode.swift; path = TaskViewController.swift; sourceTree = "<group>"; };
		005EEFCE2BC685EC00D46BB6 /* Assets.xcassets */ = {isa = PBXFileReference; lastKnownFileType = folder.assetcatalog; path = Assets.xcassets; sourceTree = "<group>"; };
		005EEFD12BC685EC00D46BB6 /* Base */ = {isa = PBXFileReference; lastKnownFileType = file.storyboard; name = Base; path = Base.lproj/LaunchScreen.storyboard; sourceTree = "<group>"; };
		005EEFD32BC685EC00D46BB6 /* Info.plist */ = {isa = PBXFileReference; lastKnownFileType = text.plist.xml; path = Info.plist; sourceTree = "<group>"; };
		0095D00A2BC94CAA001E680B /* TaskViewModel.swift */ = {isa = PBXFileReference; lastKnownFileType = sourcecode.swift; path = TaskViewModel.swift; sourceTree = "<group>"; };
		00A629202BCCD7C100F72AC0 /* TaskAViewController.swift */ = {isa = PBXFileReference; lastKnownFileType = sourcecode.swift; path = TaskAViewController.swift; sourceTree = "<group>"; };
		00BD657A2BCC1D880070E013 /* GoogleService-Info.plist */ = {isa = PBXFileReference; fileEncoding = 4; lastKnownFileType = text.plist.xml; path = "GoogleService-Info.plist"; sourceTree = "<group>"; };
		00C35F942BC7F27600AB7B7D /* TaskModel.swift */ = {isa = PBXFileReference; lastKnownFileType = sourcecode.swift; path = TaskModel.swift; sourceTree = "<group>"; };
		00C35F972BC822D600AB7B7D /* FireStoreManager.swift */ = {isa = PBXFileReference; lastKnownFileType = sourcecode.swift; path = FireStoreManager.swift; sourceTree = "<group>"; };
		00CEB1322BCA87D900AC350B /* UIColorExt.swift */ = {isa = PBXFileReference; lastKnownFileType = sourcecode.swift; path = UIColorExt.swift; sourceTree = "<group>"; };
		00CEB1342BCA957100AC350B /* TaskCell.swift */ = {isa = PBXFileReference; lastKnownFileType = sourcecode.swift; path = TaskCell.swift; sourceTree = "<group>"; };
		00CEB1362BCA95F500AC350B /* TaskCell.xib */ = {isa = PBXFileReference; lastKnownFileType = file.xib; path = TaskCell.xib; sourceTree = "<group>"; };
		00CEB1392BCAC0C500AC350B /* DraggableMarkableView.swift */ = {isa = PBXFileReference; lastKnownFileType = sourcecode.swift; path = DraggableMarkableView.swift; sourceTree = "<group>"; };
		00CEB13B2BCAC15C00AC350B /* DraggableMarkerManager.swift */ = {isa = PBXFileReference; lastKnownFileType = sourcecode.swift; path = DraggableMarkerManager.swift; sourceTree = "<group>"; };
		00CEB13D2BCAC4A900AC350B /* MapViewController.swift */ = {isa = PBXFileReference; lastKnownFileType = sourcecode.swift; path = MapViewController.swift; sourceTree = "<group>"; };
		14E4FACD6FB28F2FC12BF553 /* Pods-CityAdventure.release.xcconfig */ = {isa = PBXFileReference; includeInIndex = 1; lastKnownFileType = text.xcconfig; name = "Pods-CityAdventure.release.xcconfig"; path = "Target Support Files/Pods-CityAdventure/Pods-CityAdventure.release.xcconfig"; sourceTree = "<group>"; };
		A0AE49F8F3964B5A4ED19429 /* Pods_CityAdventure.framework */ = {isa = PBXFileReference; explicitFileType = wrapper.framework; includeInIndex = 0; path = Pods_CityAdventure.framework; sourceTree = BUILT_PRODUCTS_DIR; };
		F6C75BC806E72FCE6F8B221B /* Pods-CityAdventure.debug.xcconfig */ = {isa = PBXFileReference; includeInIndex = 1; lastKnownFileType = text.xcconfig; name = "Pods-CityAdventure.debug.xcconfig"; path = "Target Support Files/Pods-CityAdventure/Pods-CityAdventure.debug.xcconfig"; sourceTree = "<group>"; };
/* End PBXFileReference section */

/* Begin PBXFrameworksBuildPhase section */
		005EEFBF2BC685EA00D46BB6 /* Frameworks */ = {
			isa = PBXFrameworksBuildPhase;
			buildActionMask = 2147483647;
			files = (
				00C35F912BC7C18800AB7B7D /* FirebaseDatabaseSwift in Frameworks */,
				4F9BC837CF4611874DB058C0 /* Pods_CityAdventure.framework in Frameworks */,
				00C35F8F2BC7C18800AB7B7D /* FirebaseAuth in Frameworks */,
				00C35F932BC7C18800AB7B7D /* FirebaseFirestoreSwift in Frameworks */,
			);
			runOnlyForDeploymentPostprocessing = 0;
		};
/* End PBXFrameworksBuildPhase section */

/* Begin PBXGroup section */
		005EEFB92BC685EA00D46BB6 = {
			isa = PBXGroup;
			children = (
				005EEFC42BC685EA00D46BB6 /* CityAdventure */,
				C6AD68DE10E796092512A307 /* Pods */,
				6DC4D88B26729754CDF4A5A4 /* Frameworks */,
			);
			sourceTree = "<group>";
		};
		005EEFC32BC685EA00D46BB6 /* Products */ = {
			isa = PBXGroup;
			children = (
				005EEFC22BC685EA00D46BB6 /* CityAdventure.app */,
			);
			name = Products;
			sourceTree = "<group>";
		};
		005EEFC42BC685EA00D46BB6 /* CityAdventure */ = {
			isa = PBXGroup;
			children = (
				00C35F962BC822BC00AB7B7D /* Manager */,
				00C35F872BC78A9200AB7B7D /* Model */,
				00C35F882BC78AE600AB7B7D /* View */,
				00C35F892BC78AF000AB7B7D /* ViewModel */,
				00C35F8A2BC78B0100AB7B7D /* Helper */,
				005EEFC52BC685EA00D46BB6 /* AppDelegate.swift */,
				005EEFC72BC685EA00D46BB6 /* SceneDelegate.swift */,
				005EEFCE2BC685EC00D46BB6 /* Assets.xcassets */,
				005EEFD02BC685EC00D46BB6 /* LaunchScreen.storyboard */,
				005EEFD32BC685EC00D46BB6 /* Info.plist */,
				00BD657A2BCC1D880070E013 /* GoogleService-Info.plist */,
			);
			path = CityAdventure;
			sourceTree = "<group>";
		};
		00C35F872BC78A9200AB7B7D /* Model */ = {
			isa = PBXGroup;
			children = (
			);
			path = Model;
			sourceTree = "<group>";
		};
		00C35F882BC78AE600AB7B7D /* View */ = {
			isa = PBXGroup;
			children = (
				00CEB1392BCAC0C500AC350B /* DraggableMarkableView.swift */,
				00CEB1382BCAC07400AC350B /* Task */,
				00CEB13D2BCAC4A900AC350B /* MapViewController.swift */,
			);
			path = View;
			sourceTree = "<group>";
		};
		00C35F892BC78AF000AB7B7D /* ViewModel */ = {
			isa = PBXGroup;
			children = (
				0095D00A2BC94CAA001E680B /* TaskViewModel.swift */,
			);
			path = ViewModel;
			sourceTree = "<group>";
		};
		00C35F8A2BC78B0100AB7B7D /* Helper */ = {
			isa = PBXGroup;
			children = (
				00C35F942BC7F27600AB7B7D /* TaskModel.swift */,
				00CEB1322BCA87D900AC350B /* UIColorExt.swift */,
			);
			path = Helper;
			sourceTree = "<group>";
		};
		00C35F962BC822BC00AB7B7D /* Manager */ = {
			isa = PBXGroup;
			children = (
				00C35F972BC822D600AB7B7D /* FireStoreManager.swift */,
				00CEB13B2BCAC15C00AC350B /* DraggableMarkerManager.swift */,
			);
			path = Manager;
			sourceTree = "<group>";
		};
		00CEB1382BCAC07400AC350B /* Task */ = {
			isa = PBXGroup;
			children = (
				005EEFC92BC685EA00D46BB6 /* TaskViewController.swift */,
				00A629202BCCD7C100F72AC0 /* TaskAViewController.swift */,
				00CEB1342BCA957100AC350B /* TaskCell.swift */,
				00CEB1362BCA95F500AC350B /* TaskCell.xib */,
			);
			path = Task;
			sourceTree = "<group>";
		};
		6DC4D88B26729754CDF4A5A4 /* Frameworks */ = {
			isa = PBXGroup;
			children = (
				005EEFC32BC685EA00D46BB6 /* Products */,
				A0AE49F8F3964B5A4ED19429 /* Pods_CityAdventure.framework */,
			);
			name = Frameworks;
			sourceTree = "<group>";
		};
		C6AD68DE10E796092512A307 /* Pods */ = {
			isa = PBXGroup;
			children = (
				F6C75BC806E72FCE6F8B221B /* Pods-CityAdventure.debug.xcconfig */,
				14E4FACD6FB28F2FC12BF553 /* Pods-CityAdventure.release.xcconfig */,
			);
			path = Pods;
			sourceTree = "<group>";
		};
/* End PBXGroup section */

/* Begin PBXNativeTarget section */
		005EEFC12BC685EA00D46BB6 /* CityAdventure */ = {
			isa = PBXNativeTarget;
			buildConfigurationList = 005EEFD62BC685EC00D46BB6 /* Build configuration list for PBXNativeTarget "CityAdventure" */;
			buildPhases = (
				0B5CC540903F3A33AFD035BE /* [CP] Check Pods Manifest.lock */,
				005EEFBE2BC685EA00D46BB6 /* Sources */,
				005EEFBF2BC685EA00D46BB6 /* Frameworks */,
				005EEFC02BC685EA00D46BB6 /* Resources */,
				005EEFDA2BC6C48400D46BB6 /* ShellScript */,
				D4036AAD3449C15F2AFE2CA9 /* [CP] Embed Pods Frameworks */,
			);
			buildRules = (
			);
			dependencies = (
			);
			name = CityAdventure;
			packageProductDependencies = (
				00C35F8E2BC7C18800AB7B7D /* FirebaseAuth */,
				00C35F902BC7C18800AB7B7D /* FirebaseDatabaseSwift */,
				00C35F922BC7C18800AB7B7D /* FirebaseFirestoreSwift */,
			);
			productName = CityAdventure;
			productReference = 005EEFC22BC685EA00D46BB6 /* CityAdventure.app */;
			productType = "com.apple.product-type.application";
		};
/* End PBXNativeTarget section */

/* Begin PBXProject section */
		005EEFBA2BC685EA00D46BB6 /* Project object */ = {
			isa = PBXProject;
			attributes = {
				BuildIndependentTargetsInParallel = 1;
				LastSwiftUpdateCheck = 1430;
				LastUpgradeCheck = 1430;
				TargetAttributes = {
					005EEFC12BC685EA00D46BB6 = {
						CreatedOnToolsVersion = 14.3.1;
					};
				};
			};
			buildConfigurationList = 005EEFBD2BC685EA00D46BB6 /* Build configuration list for PBXProject "CityAdventure" */;
			compatibilityVersion = "Xcode 14.0";
			developmentRegion = en;
			hasScannedForEncodings = 0;
			knownRegions = (
				en,
				Base,
			);
			mainGroup = 005EEFB92BC685EA00D46BB6;
			packageReferences = (
				00C35F8D2BC7C18800AB7B7D /* XCRemoteSwiftPackageReference "firebase-ios-sdk" */,
			);
			productRefGroup = 005EEFC32BC685EA00D46BB6 /* Products */;
			projectDirPath = "";
			projectRoot = "";
			targets = (
				005EEFC12BC685EA00D46BB6 /* CityAdventure */,
			);
		};
/* End PBXProject section */

/* Begin PBXResourcesBuildPhase section */
		005EEFC02BC685EA00D46BB6 /* Resources */ = {
			isa = PBXResourcesBuildPhase;
			buildActionMask = 2147483647;
			files = (
				00BD657B2BCC1D880070E013 /* GoogleService-Info.plist in Resources */,
				00CEB1372BCA95F500AC350B /* TaskCell.xib in Resources */,
				005EEFD22BC685EC00D46BB6 /* LaunchScreen.storyboard in Resources */,
				005EEFCF2BC685EC00D46BB6 /* Assets.xcassets in Resources */,
			);
			runOnlyForDeploymentPostprocessing = 0;
		};
/* End PBXResourcesBuildPhase section */

/* Begin PBXShellScriptBuildPhase section */
		005EEFDA2BC6C48400D46BB6 /* ShellScript */ = {
			isa = PBXShellScriptBuildPhase;
			alwaysOutOfDate = 1;
			buildActionMask = 12;
			files = (
			);
			inputFileListPaths = (
			);
			inputPaths = (
			);
			outputFileListPaths = (
			);
			outputPaths = (
			);
			runOnlyForDeploymentPostprocessing = 0;
			shellPath = /bin/sh;
			shellScript = "# Type a script or drag a script file from your workspace to insert its path.\n\n\"${PODS_ROOT}/SwiftLint/swiftlint\"\n";
		};
		0B5CC540903F3A33AFD035BE /* [CP] Check Pods Manifest.lock */ = {
			isa = PBXShellScriptBuildPhase;
			buildActionMask = 2147483647;
			files = (
			);
			inputFileListPaths = (
			);
			inputPaths = (
				"${PODS_PODFILE_DIR_PATH}/Podfile.lock",
				"${PODS_ROOT}/Manifest.lock",
			);
			name = "[CP] Check Pods Manifest.lock";
			outputFileListPaths = (
			);
			outputPaths = (
				"$(DERIVED_FILE_DIR)/Pods-CityAdventure-checkManifestLockResult.txt",
			);
			runOnlyForDeploymentPostprocessing = 0;
			shellPath = /bin/sh;
			shellScript = "diff \"${PODS_PODFILE_DIR_PATH}/Podfile.lock\" \"${PODS_ROOT}/Manifest.lock\" > /dev/null\nif [ $? != 0 ] ; then\n    # print error to STDERR\n    echo \"error: The sandbox is not in sync with the Podfile.lock. Run 'pod install' or update your CocoaPods installation.\" >&2\n    exit 1\nfi\n# This output is used by Xcode 'outputs' to avoid re-running this script phase.\necho \"SUCCESS\" > \"${SCRIPT_OUTPUT_FILE_0}\"\n";
			showEnvVarsInLog = 0;
		};
		D4036AAD3449C15F2AFE2CA9 /* [CP] Embed Pods Frameworks */ = {
			isa = PBXShellScriptBuildPhase;
			buildActionMask = 2147483647;
			files = (
			);
			inputFileListPaths = (
				"${PODS_ROOT}/Target Support Files/Pods-CityAdventure/Pods-CityAdventure-frameworks-${CONFIGURATION}-input-files.xcfilelist",
			);
			name = "[CP] Embed Pods Frameworks";
			outputFileListPaths = (
				"${PODS_ROOT}/Target Support Files/Pods-CityAdventure/Pods-CityAdventure-frameworks-${CONFIGURATION}-output-files.xcfilelist",
			);
			runOnlyForDeploymentPostprocessing = 0;
			shellPath = /bin/sh;
			shellScript = "\"${PODS_ROOT}/Target Support Files/Pods-CityAdventure/Pods-CityAdventure-frameworks.sh\"\n";
			showEnvVarsInLog = 0;
		};
/* End PBXShellScriptBuildPhase section */

/* Begin PBXSourcesBuildPhase section */
		005EEFBE2BC685EA00D46BB6 /* Sources */ = {
			isa = PBXSourcesBuildPhase;
			buildActionMask = 2147483647;
			files = (
				00CEB13E2BCAC4A900AC350B /* MapViewController.swift in Sources */,
				005EEFCA2BC685EA00D46BB6 /* TaskViewController.swift in Sources */,
				00CEB13C2BCAC15C00AC350B /* DraggableMarkerManager.swift in Sources */,
				0095D00B2BC94CAA001E680B /* TaskViewModel.swift in Sources */,
				005EEFC62BC685EA00D46BB6 /* AppDelegate.swift in Sources */,
				00C35F952BC7F27600AB7B7D /* TaskModel.swift in Sources */,
				00CEB1352BCA957100AC350B /* TaskCell.swift in Sources */,
				00CEB1332BCA87D900AC350B /* UIColorExt.swift in Sources */,
				00CEB13A2BCAC0C500AC350B /* DraggableMarkableView.swift in Sources */,
				00C35F982BC822D600AB7B7D /* FireStoreManager.swift in Sources */,
				005EEFC82BC685EA00D46BB6 /* SceneDelegate.swift in Sources */,
				00A629212BCCD7C100F72AC0 /* TaskAViewController.swift in Sources */,
			);
			runOnlyForDeploymentPostprocessing = 0;
		};
/* End PBXSourcesBuildPhase section */

/* Begin PBXVariantGroup section */
		005EEFD02BC685EC00D46BB6 /* LaunchScreen.storyboard */ = {
			isa = PBXVariantGroup;
			children = (
				005EEFD12BC685EC00D46BB6 /* Base */,
			);
			name = LaunchScreen.storyboard;
			sourceTree = "<group>";
		};
/* End PBXVariantGroup section */

/* Begin XCBuildConfiguration section */
		005EEFD42BC685EC00D46BB6 /* Debug */ = {
			isa = XCBuildConfiguration;
			buildSettings = {
				ALWAYS_SEARCH_USER_PATHS = NO;
				CLANG_ANALYZER_NONNULL = YES;
				CLANG_ANALYZER_NUMBER_OBJECT_CONVERSION = YES_AGGRESSIVE;
				CLANG_CXX_LANGUAGE_STANDARD = "gnu++20";
				CLANG_ENABLE_MODULES = YES;
				CLANG_ENABLE_OBJC_ARC = YES;
				CLANG_ENABLE_OBJC_WEAK = YES;
				CLANG_WARN_BLOCK_CAPTURE_AUTORELEASING = YES;
				CLANG_WARN_BOOL_CONVERSION = YES;
				CLANG_WARN_COMMA = YES;
				CLANG_WARN_CONSTANT_CONVERSION = YES;
				CLANG_WARN_DEPRECATED_OBJC_IMPLEMENTATIONS = YES;
				CLANG_WARN_DIRECT_OBJC_ISA_USAGE = YES_ERROR;
				CLANG_WARN_DOCUMENTATION_COMMENTS = YES;
				CLANG_WARN_EMPTY_BODY = YES;
				CLANG_WARN_ENUM_CONVERSION = YES;
				CLANG_WARN_INFINITE_RECURSION = YES;
				CLANG_WARN_INT_CONVERSION = YES;
				CLANG_WARN_NON_LITERAL_NULL_CONVERSION = YES;
				CLANG_WARN_OBJC_IMPLICIT_RETAIN_SELF = YES;
				CLANG_WARN_OBJC_LITERAL_CONVERSION = YES;
				CLANG_WARN_OBJC_ROOT_CLASS = YES_ERROR;
				CLANG_WARN_QUOTED_INCLUDE_IN_FRAMEWORK_HEADER = YES;
				CLANG_WARN_RANGE_LOOP_ANALYSIS = YES;
				CLANG_WARN_STRICT_PROTOTYPES = YES;
				CLANG_WARN_SUSPICIOUS_MOVE = YES;
				CLANG_WARN_UNGUARDED_AVAILABILITY = YES_AGGRESSIVE;
				CLANG_WARN_UNREACHABLE_CODE = YES;
				CLANG_WARN__DUPLICATE_METHOD_MATCH = YES;
				COPY_PHASE_STRIP = NO;
				DEBUG_INFORMATION_FORMAT = dwarf;
				ENABLE_STRICT_OBJC_MSGSEND = YES;
				ENABLE_TESTABILITY = YES;
				GCC_C_LANGUAGE_STANDARD = gnu11;
				GCC_DYNAMIC_NO_PIC = NO;
				GCC_NO_COMMON_BLOCKS = YES;
				GCC_OPTIMIZATION_LEVEL = 0;
				GCC_PREPROCESSOR_DEFINITIONS = (
					"DEBUG=1",
					"$(inherited)",
				);
				GCC_WARN_64_TO_32_BIT_CONVERSION = YES;
				GCC_WARN_ABOUT_RETURN_TYPE = YES_ERROR;
				GCC_WARN_UNDECLARED_SELECTOR = YES;
				GCC_WARN_UNINITIALIZED_AUTOS = YES_AGGRESSIVE;
				GCC_WARN_UNUSED_FUNCTION = YES;
				GCC_WARN_UNUSED_VARIABLE = YES;
				IPHONEOS_DEPLOYMENT_TARGET = 16.4;
				MTL_ENABLE_DEBUG_INFO = INCLUDE_SOURCE;
				MTL_FAST_MATH = YES;
				ONLY_ACTIVE_ARCH = YES;
				SDKROOT = iphoneos;
				SWIFT_ACTIVE_COMPILATION_CONDITIONS = DEBUG;
				SWIFT_OPTIMIZATION_LEVEL = "-Onone";
			};
			name = Debug;
		};
		005EEFD52BC685EC00D46BB6 /* Release */ = {
			isa = XCBuildConfiguration;
			buildSettings = {
				ALWAYS_SEARCH_USER_PATHS = NO;
				CLANG_ANALYZER_NONNULL = YES;
				CLANG_ANALYZER_NUMBER_OBJECT_CONVERSION = YES_AGGRESSIVE;
				CLANG_CXX_LANGUAGE_STANDARD = "gnu++20";
				CLANG_ENABLE_MODULES = YES;
				CLANG_ENABLE_OBJC_ARC = YES;
				CLANG_ENABLE_OBJC_WEAK = YES;
				CLANG_WARN_BLOCK_CAPTURE_AUTORELEASING = YES;
				CLANG_WARN_BOOL_CONVERSION = YES;
				CLANG_WARN_COMMA = YES;
				CLANG_WARN_CONSTANT_CONVERSION = YES;
				CLANG_WARN_DEPRECATED_OBJC_IMPLEMENTATIONS = YES;
				CLANG_WARN_DIRECT_OBJC_ISA_USAGE = YES_ERROR;
				CLANG_WARN_DOCUMENTATION_COMMENTS = YES;
				CLANG_WARN_EMPTY_BODY = YES;
				CLANG_WARN_ENUM_CONVERSION = YES;
				CLANG_WARN_INFINITE_RECURSION = YES;
				CLANG_WARN_INT_CONVERSION = YES;
				CLANG_WARN_NON_LITERAL_NULL_CONVERSION = YES;
				CLANG_WARN_OBJC_IMPLICIT_RETAIN_SELF = YES;
				CLANG_WARN_OBJC_LITERAL_CONVERSION = YES;
				CLANG_WARN_OBJC_ROOT_CLASS = YES_ERROR;
				CLANG_WARN_QUOTED_INCLUDE_IN_FRAMEWORK_HEADER = YES;
				CLANG_WARN_RANGE_LOOP_ANALYSIS = YES;
				CLANG_WARN_STRICT_PROTOTYPES = YES;
				CLANG_WARN_SUSPICIOUS_MOVE = YES;
				CLANG_WARN_UNGUARDED_AVAILABILITY = YES_AGGRESSIVE;
				CLANG_WARN_UNREACHABLE_CODE = YES;
				CLANG_WARN__DUPLICATE_METHOD_MATCH = YES;
				COPY_PHASE_STRIP = NO;
				DEBUG_INFORMATION_FORMAT = "dwarf-with-dsym";
				ENABLE_NS_ASSERTIONS = NO;
				ENABLE_STRICT_OBJC_MSGSEND = YES;
				GCC_C_LANGUAGE_STANDARD = gnu11;
				GCC_NO_COMMON_BLOCKS = YES;
				GCC_WARN_64_TO_32_BIT_CONVERSION = YES;
				GCC_WARN_ABOUT_RETURN_TYPE = YES_ERROR;
				GCC_WARN_UNDECLARED_SELECTOR = YES;
				GCC_WARN_UNINITIALIZED_AUTOS = YES_AGGRESSIVE;
				GCC_WARN_UNUSED_FUNCTION = YES;
				GCC_WARN_UNUSED_VARIABLE = YES;
				IPHONEOS_DEPLOYMENT_TARGET = 16.4;
				MTL_ENABLE_DEBUG_INFO = NO;
				MTL_FAST_MATH = YES;
				SDKROOT = iphoneos;
				SWIFT_COMPILATION_MODE = wholemodule;
				SWIFT_OPTIMIZATION_LEVEL = "-O";
				VALIDATE_PRODUCT = YES;
			};
			name = Release;
		};
		005EEFD72BC685EC00D46BB6 /* Debug */ = {
			isa = XCBuildConfiguration;
			baseConfigurationReference = F6C75BC806E72FCE6F8B221B /* Pods-CityAdventure.debug.xcconfig */;
			buildSettings = {
				ASSETCATALOG_COMPILER_APPICON_NAME = AppIcon;
				ASSETCATALOG_COMPILER_GLOBAL_ACCENT_COLOR_NAME = AccentColor;
				CODE_SIGN_STYLE = Automatic;
				CURRENT_PROJECT_VERSION = 1;
				DEVELOPMENT_TEAM = 5FN9342AS5;
				GENERATE_INFOPLIST_FILE = YES;
				INFOPLIST_FILE = CityAdventure/Info.plist;
				INFOPLIST_KEY_NSCameraUsageDescription = "城市探險需要您的相機來掃描QR Code";
				INFOPLIST_KEY_NSLocationWhenInUseUsageDescription = "城市探險需要您的位置以進行任務";
				INFOPLIST_KEY_UIApplicationSupportsIndirectInputEvents = YES;
				INFOPLIST_KEY_UILaunchStoryboardName = LaunchScreen;
				INFOPLIST_KEY_UISupportedInterfaceOrientations_iPad = "UIInterfaceOrientationPortrait UIInterfaceOrientationPortraitUpsideDown UIInterfaceOrientationLandscapeLeft UIInterfaceOrientationLandscapeRight";
				INFOPLIST_KEY_UISupportedInterfaceOrientations_iPhone = "UIInterfaceOrientationPortrait UIInterfaceOrientationLandscapeLeft UIInterfaceOrientationLandscapeRight";
				LD_RUNPATH_SEARCH_PATHS = (
					"$(inherited)",
					"@executable_path/Frameworks",
				);
				MARKETING_VERSION = 1.0;
				PRODUCT_BUNDLE_IDENTIFIER = com.cpc.CityAdventure;
				PRODUCT_NAME = "$(TARGET_NAME)";
				SWIFT_EMIT_LOC_STRINGS = YES;
				SWIFT_VERSION = 5.0;
				TARGETED_DEVICE_FAMILY = "1,2";
			};
			name = Debug;
		};
		005EEFD82BC685EC00D46BB6 /* Release */ = {
			isa = XCBuildConfiguration;
			baseConfigurationReference = 14E4FACD6FB28F2FC12BF553 /* Pods-CityAdventure.release.xcconfig */;
			buildSettings = {
				ASSETCATALOG_COMPILER_APPICON_NAME = AppIcon;
				ASSETCATALOG_COMPILER_GLOBAL_ACCENT_COLOR_NAME = AccentColor;
				CODE_SIGN_STYLE = Automatic;
				CURRENT_PROJECT_VERSION = 1;
				DEVELOPMENT_TEAM = 5FN9342AS5;
				GENERATE_INFOPLIST_FILE = YES;
				INFOPLIST_FILE = CityAdventure/Info.plist;
				INFOPLIST_KEY_NSCameraUsageDescription = "城市探險需要您的相機來掃描QR Code";
				INFOPLIST_KEY_NSLocationWhenInUseUsageDescription = "城市探險需要您的位置以進行任務";
				INFOPLIST_KEY_UIApplicationSupportsIndirectInputEvents = YES;
				INFOPLIST_KEY_UILaunchStoryboardName = LaunchScreen;
				INFOPLIST_KEY_UISupportedInterfaceOrientations_iPad = "UIInterfaceOrientationPortrait UIInterfaceOrientationPortraitUpsideDown UIInterfaceOrientationLandscapeLeft UIInterfaceOrientationLandscapeRight";
				INFOPLIST_KEY_UISupportedInterfaceOrientations_iPhone = "UIInterfaceOrientationPortrait UIInterfaceOrientationLandscapeLeft UIInterfaceOrientationLandscapeRight";
				LD_RUNPATH_SEARCH_PATHS = (
					"$(inherited)",
					"@executable_path/Frameworks",
				);
				MARKETING_VERSION = 1.0;
				PRODUCT_BUNDLE_IDENTIFIER = com.cpc.CityAdventure;
				PRODUCT_NAME = "$(TARGET_NAME)";
				SWIFT_EMIT_LOC_STRINGS = YES;
				SWIFT_VERSION = 5.0;
				TARGETED_DEVICE_FAMILY = "1,2";
			};
			name = Release;
		};
/* End XCBuildConfiguration section */

/* Begin XCConfigurationList section */
		005EEFBD2BC685EA00D46BB6 /* Build configuration list for PBXProject "CityAdventure" */ = {
			isa = XCConfigurationList;
			buildConfigurations = (
				005EEFD42BC685EC00D46BB6 /* Debug */,
				005EEFD52BC685EC00D46BB6 /* Release */,
			);
			defaultConfigurationIsVisible = 0;
			defaultConfigurationName = Release;
		};
		005EEFD62BC685EC00D46BB6 /* Build configuration list for PBXNativeTarget "CityAdventure" */ = {
			isa = XCConfigurationList;
			buildConfigurations = (
				005EEFD72BC685EC00D46BB6 /* Debug */,
				005EEFD82BC685EC00D46BB6 /* Release */,
			);
			defaultConfigurationIsVisible = 0;
			defaultConfigurationName = Release;
		};
/* End XCConfigurationList section */

/* Begin XCRemoteSwiftPackageReference section */
		00C35F8D2BC7C18800AB7B7D /* XCRemoteSwiftPackageReference "firebase-ios-sdk" */ = {
			isa = XCRemoteSwiftPackageReference;
			repositoryURL = "https://github.com/firebase/firebase-ios-sdk";
			requirement = {
				kind = upToNextMajorVersion;
				minimumVersion = 10.0.0;
			};
		};
/* End XCRemoteSwiftPackageReference section */

/* Begin XCSwiftPackageProductDependency section */
		00C35F8E2BC7C18800AB7B7D /* FirebaseAuth */ = {
			isa = XCSwiftPackageProductDependency;
			package = 00C35F8D2BC7C18800AB7B7D /* XCRemoteSwiftPackageReference "firebase-ios-sdk" */;
			productName = FirebaseAuth;
		};
		00C35F902BC7C18800AB7B7D /* FirebaseDatabaseSwift */ = {
			isa = XCSwiftPackageProductDependency;
			package = 00C35F8D2BC7C18800AB7B7D /* XCRemoteSwiftPackageReference "firebase-ios-sdk" */;
			productName = FirebaseDatabaseSwift;
		};
		00C35F922BC7C18800AB7B7D /* FirebaseFirestoreSwift */ = {
			isa = XCSwiftPackageProductDependency;
			package = 00C35F8D2BC7C18800AB7B7D /* XCRemoteSwiftPackageReference "firebase-ios-sdk" */;
			productName = FirebaseFirestoreSwift;
		};
/* End XCSwiftPackageProductDependency section */
	};
	rootObject = 005EEFBA2BC685EA00D46BB6 /* Project object */;
}
