// !$*UTF8*$!
{
	archiveVersion = 1;
	classes = {
	};
	objectVersion = 56;
	objects = {

/* Begin PBXBuildFile section */
		0015A5322BE7218D00FE931E /* UIAnimationController.swift in Sources */ = {isa = PBXBuildFile; fileRef = 0015A5312BE7218D00FE931E /* UIAnimationController.swift */; };
		0015A5342BE76DEB00FE931E /* ScanRectView.swift in Sources */ = {isa = PBXBuildFile; fileRef = 0015A5332BE76DEB00FE931E /* ScanRectView.swift */; };
		0039BEBF2BD120BD00D8B20A /* ThirdTaskViewController.swift in Sources */ = {isa = PBXBuildFile; fileRef = 0039BEBE2BD120BD00D8B20A /* ThirdTaskViewController.swift */; };
		0039BEC12BD153DD00D8B20A /* RecognizerViewController.swift in Sources */ = {isa = PBXBuildFile; fileRef = 0039BEC02BD153DD00D8B20A /* RecognizerViewController.swift */; };
		005EEFC62BC685EA00D46BB6 /* AppDelegate.swift in Sources */ = {isa = PBXBuildFile; fileRef = 005EEFC52BC685EA00D46BB6 /* AppDelegate.swift */; };
		005EEFC82BC685EA00D46BB6 /* SceneDelegate.swift in Sources */ = {isa = PBXBuildFile; fileRef = 005EEFC72BC685EA00D46BB6 /* SceneDelegate.swift */; };
		005EEFCA2BC685EA00D46BB6 /* BaseTaskViewController.swift in Sources */ = {isa = PBXBuildFile; fileRef = 005EEFC92BC685EA00D46BB6 /* BaseTaskViewController.swift */; };
		005EEFCF2BC685EC00D46BB6 /* Assets.xcassets in Resources */ = {isa = PBXBuildFile; fileRef = 005EEFCE2BC685EC00D46BB6 /* Assets.xcassets */; };
		005EEFD22BC685EC00D46BB6 /* LaunchScreen.storyboard in Resources */ = {isa = PBXBuildFile; fileRef = 005EEFD02BC685EC00D46BB6 /* LaunchScreen.storyboard */; };
		0090D90C2BE0AF9300CE1F05 /* LoginViewController.swift in Sources */ = {isa = PBXBuildFile; fileRef = 0090D90B2BE0AF9300CE1F05 /* LoginViewController.swift */; };
		0090D90F2BE0DEEA00CE1F05 /* CustomFunc.swift in Sources */ = {isa = PBXBuildFile; fileRef = 0090D90E2BE0DEEA00CE1F05 /* CustomFunc.swift */; };
		0090D9112BE10B0100CE1F05 /* LoginViewModel.swift in Sources */ = {isa = PBXBuildFile; fileRef = 0090D9102BE10B0100CE1F05 /* LoginViewModel.swift */; };
		0092F18A2BE9E57E00C7394D /* SignInWithAppleManager.swift in Sources */ = {isa = PBXBuildFile; fileRef = 0092F1892BE9E57E00C7394D /* SignInWithAppleManager.swift */; };
		0092F18C2BE9F86400C7394D /* AuthenticationViewModel.swift in Sources */ = {isa = PBXBuildFile; fileRef = 0092F18B2BE9F86400C7394D /* AuthenticationViewModel.swift */; };
		009396312BEB7A8F00271428 /* FirebaseCrashlytics in Frameworks */ = {isa = PBXBuildFile; productRef = 009396302BEB7A8F00271428 /* FirebaseCrashlytics */; };
		009396352BEB7BEE00271428 /* FirebaseAnalyticsSwift in Frameworks */ = {isa = PBXBuildFile; productRef = 009396342BEB7BEE00271428 /* FirebaseAnalyticsSwift */; };
		0094CD912BCE151B00820BE5 /* SecondTaskViewController.swift in Sources */ = {isa = PBXBuildFile; fileRef = 0094CD902BCE151B00820BE5 /* SecondTaskViewController.swift */; };
		0094CD932BCE992C00820BE5 /* MapPin.swift in Sources */ = {isa = PBXBuildFile; fileRef = 0094CD922BCE992C00820BE5 /* MapPin.swift */; };
		0095D00B2BC94CAA001E680B /* TaskViewModel.swift in Sources */ = {isa = PBXBuildFile; fileRef = 0095D00A2BC94CAA001E680B /* TaskViewModel.swift */; };
		00A629212BCCD7C100F72AC0 /* FirstTaskViewController.swift in Sources */ = {isa = PBXBuildFile; fileRef = 00A629202BCCD7C100F72AC0 /* FirstTaskViewController.swift */; };
		00B3E88E2BE38C5700B612AA /* SuccessViewModel.swift in Sources */ = {isa = PBXBuildFile; fileRef = 00B3E88D2BE38C5700B612AA /* SuccessViewModel.swift */; };
		00B3E8902BE67DBF00B612AA /* UIViewControllerExt.swift in Sources */ = {isa = PBXBuildFile; fileRef = 00B3E88F2BE67DBF00B612AA /* UIViewControllerExt.swift */; };
		00B72E262BD6078600F531C0 /* UploadEpisode.swift in Sources */ = {isa = PBXBuildFile; fileRef = 00B72E252BD6078600F531C0 /* UploadEpisode.swift */; };
		00B72E282BD63B2C00F531C0 /* ProfileCell.swift in Sources */ = {isa = PBXBuildFile; fileRef = 00B72E272BD63B2C00F531C0 /* ProfileCell.swift */; };
		00B72E2A2BD63C3000F531C0 /* ProfileCell.xib in Resources */ = {isa = PBXBuildFile; fileRef = 00B72E292BD63C3000F531C0 /* ProfileCell.xib */; };
		00B72E2E2BD6603600F531C0 /* AdventuringTaskCell.swift in Sources */ = {isa = PBXBuildFile; fileRef = 00B72E2D2BD6603600F531C0 /* AdventuringTaskCell.swift */; };
		00B72E302BD6613600F531C0 /* AdventuringTaskCell.xib in Resources */ = {isa = PBXBuildFile; fileRef = 00B72E2F2BD6613600F531C0 /* AdventuringTaskCell.xib */; };
		00B72E332BD66FFA00F531C0 /* ExploreAreaCell.swift in Sources */ = {isa = PBXBuildFile; fileRef = 00B72E322BD66FFA00F531C0 /* ExploreAreaCell.swift */; };
		00B72E352BD6703900F531C0 /* ExploreAreaCell.xib in Resources */ = {isa = PBXBuildFile; fileRef = 00B72E342BD6703900F531C0 /* ExploreAreaCell.xib */; };
		00B72E382BD6749100F531C0 /* EpisodeCell.swift in Sources */ = {isa = PBXBuildFile; fileRef = 00B72E372BD6749100F531C0 /* EpisodeCell.swift */; };
		00B72E3A2BD674D000F531C0 /* EpisodeCell.xib in Resources */ = {isa = PBXBuildFile; fileRef = 00B72E392BD674D000F531C0 /* EpisodeCell.xib */; };
		00B72E3C2BD68DFE00F531C0 /* TitleSupplementaryView.swift in Sources */ = {isa = PBXBuildFile; fileRef = 00B72E3B2BD68DFE00F531C0 /* TitleSupplementaryView.swift */; };
		00B97F032BCD31C7003E2327 /* ScannerViewController.swift in Sources */ = {isa = PBXBuildFile; fileRef = 00B97F022BCD31C7003E2327 /* ScannerViewController.swift */; };
		00B97F052BCD5E1F003E2327 /* SpeechViewController.swift in Sources */ = {isa = PBXBuildFile; fileRef = 00B97F042BCD5E1F003E2327 /* SpeechViewController.swift */; };
		00B97F072BCD6E49003E2327 /* SpeechViewModel.swift in Sources */ = {isa = PBXBuildFile; fileRef = 00B97F062BCD6E49003E2327 /* SpeechViewModel.swift */; };
		00B989792BDF885500C695D7 /* MKCoordinateRegionExt.swift in Sources */ = {isa = PBXBuildFile; fileRef = 00B989782BDF885500C695D7 /* MKCoordinateRegionExt.swift */; };
		00BD657B2BCC1D880070E013 /* GoogleService-Info.plist in Resources */ = {isa = PBXBuildFile; fileRef = 00BD657A2BCC1D880070E013 /* GoogleService-Info.plist */; };
		00BE28602BE1DCFC007457A7 /* LoginBackgroundViewController.swift in Sources */ = {isa = PBXBuildFile; fileRef = 00BE285F2BE1DCFC007457A7 /* LoginBackgroundViewController.swift */; };
		00BE28622BE22847007457A7 /* EpisodeViewController.swift in Sources */ = {isa = PBXBuildFile; fileRef = 00BE28612BE22847007457A7 /* EpisodeViewController.swift */; };
		00BE28642BE275ED007457A7 /* FoodFromTaiwan.mlmodel in Sources */ = {isa = PBXBuildFile; fileRef = 00BE28632BE275ED007457A7 /* FoodFromTaiwan.mlmodel */; };
		00BE28662BE27C46007457A7 /* SuccessViewController.swift in Sources */ = {isa = PBXBuildFile; fileRef = 00BE28652BE27C46007457A7 /* SuccessViewController.swift */; };
		00BE28682BE28028007457A7 /* Animation_Success.json in Resources */ = {isa = PBXBuildFile; fileRef = 00BE28672BE28028007457A7 /* Animation_Success.json */; };
		00C1AC2E2BD548D800C10DA0 /* HomeViewController.swift in Sources */ = {isa = PBXBuildFile; fileRef = 00C1AC2D2BD548D800C10DA0 /* HomeViewController.swift */; };
		00C1AC302BD583F500C10DA0 /* Section.swift in Sources */ = {isa = PBXBuildFile; fileRef = 00C1AC2F2BD583F500C10DA0 /* Section.swift */; };
		00C35F8F2BC7C18800AB7B7D /* FirebaseAuth in Frameworks */ = {isa = PBXBuildFile; productRef = 00C35F8E2BC7C18800AB7B7D /* FirebaseAuth */; };
		00C35F912BC7C18800AB7B7D /* FirebaseDatabaseSwift in Frameworks */ = {isa = PBXBuildFile; productRef = 00C35F902BC7C18800AB7B7D /* FirebaseDatabaseSwift */; };
		00C35F932BC7C18800AB7B7D /* FirebaseFirestoreSwift in Frameworks */ = {isa = PBXBuildFile; productRef = 00C35F922BC7C18800AB7B7D /* FirebaseFirestoreSwift */; };
		00C35F952BC7F27600AB7B7D /* TaskModel.swift in Sources */ = {isa = PBXBuildFile; fileRef = 00C35F942BC7F27600AB7B7D /* TaskModel.swift */; };
		00C35F982BC822D600AB7B7D /* FireStoreManager.swift in Sources */ = {isa = PBXBuildFile; fileRef = 00C35F972BC822D600AB7B7D /* FireStoreManager.swift */; };
		00C66F2C2BCF7A8000B5DA62 /* MapViewModel.swift in Sources */ = {isa = PBXBuildFile; fileRef = 00C66F2B2BCF7A8000B5DA62 /* MapViewModel.swift */; };
		00C890A32BDA568D00A430A2 /* ProfileViewController.swift in Sources */ = {isa = PBXBuildFile; fileRef = 00C890A22BDA568D00A430A2 /* ProfileViewController.swift */; };
		00C890A62BDAD16B00A430A2 /* PostCell.swift in Sources */ = {isa = PBXBuildFile; fileRef = 00C890A52BDAD16B00A430A2 /* PostCell.swift */; };
		00C890A82BDAD27100A430A2 /* PostCell.xib in Resources */ = {isa = PBXBuildFile; fileRef = 00C890A72BDAD27100A430A2 /* PostCell.xib */; };
		00C92D672BD75B1200631D3E /* HomeViewModel.swift in Sources */ = {isa = PBXBuildFile; fileRef = 00C92D662BD75B1200631D3E /* HomeViewModel.swift */; };
		00C92D692BD7DBD800631D3E /* Profile.swift in Sources */ = {isa = PBXBuildFile; fileRef = 00C92D682BD7DBD800631D3E /* Profile.swift */; };
		00CEB1332BCA87D900AC350B /* UIColorExt.swift in Sources */ = {isa = PBXBuildFile; fileRef = 00CEB1322BCA87D900AC350B /* UIColorExt.swift */; };
		00CEB1352BCA957100AC350B /* TaskCell.swift in Sources */ = {isa = PBXBuildFile; fileRef = 00CEB1342BCA957100AC350B /* TaskCell.swift */; };
		00CEB1372BCA95F500AC350B /* TaskCell.xib in Resources */ = {isa = PBXBuildFile; fileRef = 00CEB1362BCA95F500AC350B /* TaskCell.xib */; };
		00CEB13E2BCAC4A900AC350B /* MapViewController.swift in Sources */ = {isa = PBXBuildFile; fileRef = 00CEB13D2BCAC4A900AC350B /* MapViewController.swift */; };
		00D01B8E2BDC9A5400E4A0C7 /* ProfileViewModel.swift in Sources */ = {isa = PBXBuildFile; fileRef = 00D01B8D2BDC9A5400E4A0C7 /* ProfileViewModel.swift */; };
		00D01B912BDCB9BF00E4A0C7 /* EpisodeDetailViewController.swift in Sources */ = {isa = PBXBuildFile; fileRef = 00D01B902BDCB9BF00E4A0C7 /* EpisodeDetailViewController.swift */; };
		00D01B932BDE0B4D00E4A0C7 /* CustomAnnotations.swift in Sources */ = {isa = PBXBuildFile; fileRef = 00D01B922BDE0B4D00E4A0C7 /* CustomAnnotations.swift */; };
		00D01B952BDE921A00E4A0C7 /* CustomAnnotationsView.swift in Sources */ = {isa = PBXBuildFile; fileRef = 00D01B942BDE921A00E4A0C7 /* CustomAnnotationsView.swift */; };
		00D01B972BDE964600E4A0C7 /* EpisodeDetailViewModel.swift in Sources */ = {isa = PBXBuildFile; fileRef = 00D01B962BDE964600E4A0C7 /* EpisodeDetailViewModel.swift */; };
		00D01B992BDEB27100E4A0C7 /* TaskDetailView.swift in Sources */ = {isa = PBXBuildFile; fileRef = 00D01B982BDEB27100E4A0C7 /* TaskDetailView.swift */; };
		4F9BC837CF4611874DB058C0 /* Pods_CityAdventure.framework in Frameworks */ = {isa = PBXBuildFile; fileRef = A0AE49F8F3964B5A4ED19429 /* Pods_CityAdventure.framework */; };
/* End PBXBuildFile section */

/* Begin PBXFileReference section */
		0015A5312BE7218D00FE931E /* UIAnimationController.swift */ = {isa = PBXFileReference; lastKnownFileType = sourcecode.swift; path = UIAnimationController.swift; sourceTree = "<group>"; };
		0015A5332BE76DEB00FE931E /* ScanRectView.swift */ = {isa = PBXFileReference; lastKnownFileType = sourcecode.swift; path = ScanRectView.swift; sourceTree = "<group>"; };
		0039BEBE2BD120BD00D8B20A /* ThirdTaskViewController.swift */ = {isa = PBXFileReference; lastKnownFileType = sourcecode.swift; path = ThirdTaskViewController.swift; sourceTree = "<group>"; };
		0039BEC02BD153DD00D8B20A /* RecognizerViewController.swift */ = {isa = PBXFileReference; lastKnownFileType = sourcecode.swift; path = RecognizerViewController.swift; sourceTree = "<group>"; };
		005EEFC22BC685EA00D46BB6 /* CityAdventure.app */ = {isa = PBXFileReference; explicitFileType = wrapper.application; includeInIndex = 0; path = CityAdventure.app; sourceTree = BUILT_PRODUCTS_DIR; };
		005EEFC52BC685EA00D46BB6 /* AppDelegate.swift */ = {isa = PBXFileReference; lastKnownFileType = sourcecode.swift; path = AppDelegate.swift; sourceTree = "<group>"; };
		005EEFC72BC685EA00D46BB6 /* SceneDelegate.swift */ = {isa = PBXFileReference; lastKnownFileType = sourcecode.swift; path = SceneDelegate.swift; sourceTree = "<group>"; };
		005EEFC92BC685EA00D46BB6 /* BaseTaskViewController.swift */ = {isa = PBXFileReference; lastKnownFileType = sourcecode.swift; path = BaseTaskViewController.swift; sourceTree = "<group>"; };
		005EEFCE2BC685EC00D46BB6 /* Assets.xcassets */ = {isa = PBXFileReference; lastKnownFileType = folder.assetcatalog; path = Assets.xcassets; sourceTree = "<group>"; };
		005EEFD12BC685EC00D46BB6 /* Base */ = {isa = PBXFileReference; lastKnownFileType = file.storyboard; name = Base; path = Base.lproj/LaunchScreen.storyboard; sourceTree = "<group>"; };
		005EEFD32BC685EC00D46BB6 /* Info.plist */ = {isa = PBXFileReference; lastKnownFileType = text.plist.xml; path = Info.plist; sourceTree = "<group>"; };
		0090D90B2BE0AF9300CE1F05 /* LoginViewController.swift */ = {isa = PBXFileReference; lastKnownFileType = sourcecode.swift; path = LoginViewController.swift; sourceTree = "<group>"; };
		0090D90D2BE0B12600CE1F05 /* CityAdventure.entitlements */ = {isa = PBXFileReference; lastKnownFileType = text.plist.entitlements; path = CityAdventure.entitlements; sourceTree = "<group>"; };
		0090D90E2BE0DEEA00CE1F05 /* CustomFunc.swift */ = {isa = PBXFileReference; lastKnownFileType = sourcecode.swift; path = CustomFunc.swift; sourceTree = "<group>"; };
		0090D9102BE10B0100CE1F05 /* LoginViewModel.swift */ = {isa = PBXFileReference; lastKnownFileType = sourcecode.swift; path = LoginViewModel.swift; sourceTree = "<group>"; };
		0092F1892BE9E57E00C7394D /* SignInWithAppleManager.swift */ = {isa = PBXFileReference; lastKnownFileType = sourcecode.swift; path = SignInWithAppleManager.swift; sourceTree = "<group>"; };
		0092F18B2BE9F86400C7394D /* AuthenticationViewModel.swift */ = {isa = PBXFileReference; lastKnownFileType = sourcecode.swift; path = AuthenticationViewModel.swift; sourceTree = "<group>"; };
		0094CD902BCE151B00820BE5 /* SecondTaskViewController.swift */ = {isa = PBXFileReference; lastKnownFileType = sourcecode.swift; path = SecondTaskViewController.swift; sourceTree = "<group>"; };
		0094CD922BCE992C00820BE5 /* MapPin.swift */ = {isa = PBXFileReference; lastKnownFileType = sourcecode.swift; path = MapPin.swift; sourceTree = "<group>"; };
		0095D00A2BC94CAA001E680B /* TaskViewModel.swift */ = {isa = PBXFileReference; lastKnownFileType = sourcecode.swift; path = TaskViewModel.swift; sourceTree = "<group>"; };
		00A629202BCCD7C100F72AC0 /* FirstTaskViewController.swift */ = {isa = PBXFileReference; lastKnownFileType = sourcecode.swift; path = FirstTaskViewController.swift; sourceTree = "<group>"; };
		00B3E88D2BE38C5700B612AA /* SuccessViewModel.swift */ = {isa = PBXFileReference; lastKnownFileType = sourcecode.swift; path = SuccessViewModel.swift; sourceTree = "<group>"; };
		00B3E88F2BE67DBF00B612AA /* UIViewControllerExt.swift */ = {isa = PBXFileReference; lastKnownFileType = sourcecode.swift; path = UIViewControllerExt.swift; sourceTree = "<group>"; };
		00B72E252BD6078600F531C0 /* UploadEpisode.swift */ = {isa = PBXFileReference; lastKnownFileType = sourcecode.swift; path = UploadEpisode.swift; sourceTree = "<group>"; };
		00B72E272BD63B2C00F531C0 /* ProfileCell.swift */ = {isa = PBXFileReference; lastKnownFileType = sourcecode.swift; path = ProfileCell.swift; sourceTree = "<group>"; };
		00B72E292BD63C3000F531C0 /* ProfileCell.xib */ = {isa = PBXFileReference; lastKnownFileType = file.xib; path = ProfileCell.xib; sourceTree = "<group>"; };
		00B72E2D2BD6603600F531C0 /* AdventuringTaskCell.swift */ = {isa = PBXFileReference; lastKnownFileType = sourcecode.swift; path = AdventuringTaskCell.swift; sourceTree = "<group>"; };
		00B72E2F2BD6613600F531C0 /* AdventuringTaskCell.xib */ = {isa = PBXFileReference; lastKnownFileType = file.xib; path = AdventuringTaskCell.xib; sourceTree = "<group>"; };
		00B72E322BD66FFA00F531C0 /* ExploreAreaCell.swift */ = {isa = PBXFileReference; lastKnownFileType = sourcecode.swift; path = ExploreAreaCell.swift; sourceTree = "<group>"; };
		00B72E342BD6703900F531C0 /* ExploreAreaCell.xib */ = {isa = PBXFileReference; lastKnownFileType = file.xib; path = ExploreAreaCell.xib; sourceTree = "<group>"; };
		00B72E372BD6749100F531C0 /* EpisodeCell.swift */ = {isa = PBXFileReference; lastKnownFileType = sourcecode.swift; path = EpisodeCell.swift; sourceTree = "<group>"; };
		00B72E392BD674D000F531C0 /* EpisodeCell.xib */ = {isa = PBXFileReference; lastKnownFileType = file.xib; path = EpisodeCell.xib; sourceTree = "<group>"; };
		00B72E3B2BD68DFE00F531C0 /* TitleSupplementaryView.swift */ = {isa = PBXFileReference; lastKnownFileType = sourcecode.swift; path = TitleSupplementaryView.swift; sourceTree = "<group>"; };
		00B97F022BCD31C7003E2327 /* ScannerViewController.swift */ = {isa = PBXFileReference; lastKnownFileType = sourcecode.swift; path = ScannerViewController.swift; sourceTree = "<group>"; };
		00B97F042BCD5E1F003E2327 /* SpeechViewController.swift */ = {isa = PBXFileReference; lastKnownFileType = sourcecode.swift; path = SpeechViewController.swift; sourceTree = "<group>"; };
		00B97F062BCD6E49003E2327 /* SpeechViewModel.swift */ = {isa = PBXFileReference; lastKnownFileType = sourcecode.swift; path = SpeechViewModel.swift; sourceTree = "<group>"; };
		00B989782BDF885500C695D7 /* MKCoordinateRegionExt.swift */ = {isa = PBXFileReference; lastKnownFileType = sourcecode.swift; path = MKCoordinateRegionExt.swift; sourceTree = "<group>"; };
		00BD657A2BCC1D880070E013 /* GoogleService-Info.plist */ = {isa = PBXFileReference; fileEncoding = 4; lastKnownFileType = text.plist.xml; path = "GoogleService-Info.plist"; sourceTree = "<group>"; };
		00BE285F2BE1DCFC007457A7 /* LoginBackgroundViewController.swift */ = {isa = PBXFileReference; lastKnownFileType = sourcecode.swift; path = LoginBackgroundViewController.swift; sourceTree = "<group>"; };
		00BE28612BE22847007457A7 /* EpisodeViewController.swift */ = {isa = PBXFileReference; lastKnownFileType = sourcecode.swift; path = EpisodeViewController.swift; sourceTree = "<group>"; };
		00BE28632BE275ED007457A7 /* FoodFromTaiwan.mlmodel */ = {isa = PBXFileReference; lastKnownFileType = file.mlmodel; path = FoodFromTaiwan.mlmodel; sourceTree = "<group>"; };
		00BE28652BE27C46007457A7 /* SuccessViewController.swift */ = {isa = PBXFileReference; lastKnownFileType = sourcecode.swift; path = SuccessViewController.swift; sourceTree = "<group>"; };
		00BE28672BE28028007457A7 /* Animation_Success.json */ = {isa = PBXFileReference; fileEncoding = 4; lastKnownFileType = text.json; path = Animation_Success.json; sourceTree = "<group>"; };
		00C1AC2D2BD548D800C10DA0 /* HomeViewController.swift */ = {isa = PBXFileReference; lastKnownFileType = sourcecode.swift; path = HomeViewController.swift; sourceTree = "<group>"; };
		00C1AC2F2BD583F500C10DA0 /* Section.swift */ = {isa = PBXFileReference; lastKnownFileType = sourcecode.swift; path = Section.swift; sourceTree = "<group>"; };
		00C35F942BC7F27600AB7B7D /* TaskModel.swift */ = {isa = PBXFileReference; lastKnownFileType = sourcecode.swift; path = TaskModel.swift; sourceTree = "<group>"; };
		00C35F972BC822D600AB7B7D /* FireStoreManager.swift */ = {isa = PBXFileReference; lastKnownFileType = sourcecode.swift; path = FireStoreManager.swift; sourceTree = "<group>"; };
		00C66F2B2BCF7A8000B5DA62 /* MapViewModel.swift */ = {isa = PBXFileReference; lastKnownFileType = sourcecode.swift; path = MapViewModel.swift; sourceTree = "<group>"; };
		00C890A22BDA568D00A430A2 /* ProfileViewController.swift */ = {isa = PBXFileReference; lastKnownFileType = sourcecode.swift; path = ProfileViewController.swift; sourceTree = "<group>"; };
		00C890A52BDAD16B00A430A2 /* PostCell.swift */ = {isa = PBXFileReference; lastKnownFileType = sourcecode.swift; path = PostCell.swift; sourceTree = "<group>"; };
		00C890A72BDAD27100A430A2 /* PostCell.xib */ = {isa = PBXFileReference; lastKnownFileType = file.xib; path = PostCell.xib; sourceTree = "<group>"; };
		00C92D662BD75B1200631D3E /* HomeViewModel.swift */ = {isa = PBXFileReference; lastKnownFileType = sourcecode.swift; path = HomeViewModel.swift; sourceTree = "<group>"; };
		00C92D682BD7DBD800631D3E /* Profile.swift */ = {isa = PBXFileReference; lastKnownFileType = sourcecode.swift; path = Profile.swift; sourceTree = "<group>"; };
		00CEB1322BCA87D900AC350B /* UIColorExt.swift */ = {isa = PBXFileReference; lastKnownFileType = sourcecode.swift; path = UIColorExt.swift; sourceTree = "<group>"; };
		00CEB1342BCA957100AC350B /* TaskCell.swift */ = {isa = PBXFileReference; lastKnownFileType = sourcecode.swift; path = TaskCell.swift; sourceTree = "<group>"; };
		00CEB1362BCA95F500AC350B /* TaskCell.xib */ = {isa = PBXFileReference; lastKnownFileType = file.xib; path = TaskCell.xib; sourceTree = "<group>"; };
		00CEB13D2BCAC4A900AC350B /* MapViewController.swift */ = {isa = PBXFileReference; lastKnownFileType = sourcecode.swift; path = MapViewController.swift; sourceTree = "<group>"; };
		00D01B8D2BDC9A5400E4A0C7 /* ProfileViewModel.swift */ = {isa = PBXFileReference; lastKnownFileType = sourcecode.swift; path = ProfileViewModel.swift; sourceTree = "<group>"; };
		00D01B902BDCB9BF00E4A0C7 /* EpisodeDetailViewController.swift */ = {isa = PBXFileReference; lastKnownFileType = sourcecode.swift; path = EpisodeDetailViewController.swift; sourceTree = "<group>"; };
		00D01B922BDE0B4D00E4A0C7 /* CustomAnnotations.swift */ = {isa = PBXFileReference; lastKnownFileType = sourcecode.swift; path = CustomAnnotations.swift; sourceTree = "<group>"; };
		00D01B942BDE921A00E4A0C7 /* CustomAnnotationsView.swift */ = {isa = PBXFileReference; lastKnownFileType = sourcecode.swift; path = CustomAnnotationsView.swift; sourceTree = "<group>"; };
		00D01B962BDE964600E4A0C7 /* EpisodeDetailViewModel.swift */ = {isa = PBXFileReference; lastKnownFileType = sourcecode.swift; path = EpisodeDetailViewModel.swift; sourceTree = "<group>"; };
		00D01B982BDEB27100E4A0C7 /* TaskDetailView.swift */ = {isa = PBXFileReference; lastKnownFileType = sourcecode.swift; path = TaskDetailView.swift; sourceTree = "<group>"; };
		14E4FACD6FB28F2FC12BF553 /* Pods-CityAdventure.release.xcconfig */ = {isa = PBXFileReference; includeInIndex = 1; lastKnownFileType = text.xcconfig; name = "Pods-CityAdventure.release.xcconfig"; path = "Target Support Files/Pods-CityAdventure/Pods-CityAdventure.release.xcconfig"; sourceTree = "<group>"; };
		A0AE49F8F3964B5A4ED19429 /* Pods_CityAdventure.framework */ = {isa = PBXFileReference; explicitFileType = wrapper.framework; includeInIndex = 0; path = Pods_CityAdventure.framework; sourceTree = BUILT_PRODUCTS_DIR; };
		F6C75BC806E72FCE6F8B221B /* Pods-CityAdventure.debug.xcconfig */ = {isa = PBXFileReference; includeInIndex = 1; lastKnownFileType = text.xcconfig; name = "Pods-CityAdventure.debug.xcconfig"; path = "Target Support Files/Pods-CityAdventure/Pods-CityAdventure.debug.xcconfig"; sourceTree = "<group>"; };
/* End PBXFileReference section */

/* Begin PBXFrameworksBuildPhase section */
		005EEFBF2BC685EA00D46BB6 /* Frameworks */ = {
			isa = PBXFrameworksBuildPhase;
			buildActionMask = 2147483647;
			files = (
				00C35F912BC7C18800AB7B7D /* FirebaseDatabaseSwift in Frameworks */,
				4F9BC837CF4611874DB058C0 /* Pods_CityAdventure.framework in Frameworks */,
				009396312BEB7A8F00271428 /* FirebaseCrashlytics in Frameworks */,
				009396352BEB7BEE00271428 /* FirebaseAnalyticsSwift in Frameworks */,
				00C35F8F2BC7C18800AB7B7D /* FirebaseAuth in Frameworks */,
				00C35F932BC7C18800AB7B7D /* FirebaseFirestoreSwift in Frameworks */,
			);
			runOnlyForDeploymentPostprocessing = 0;
		};
/* End PBXFrameworksBuildPhase section */

/* Begin PBXGroup section */
		0039BEBD2BD1209B00D8B20A /* ThirdTask */ = {
			isa = PBXGroup;
			children = (
				0039BEBE2BD120BD00D8B20A /* ThirdTaskViewController.swift */,
				0039BEC02BD153DD00D8B20A /* RecognizerViewController.swift */,
			);
			path = ThirdTask;
			sourceTree = "<group>";
		};
		005EEFB92BC685EA00D46BB6 = {
			isa = PBXGroup;
			children = (
				005EEFC42BC685EA00D46BB6 /* CityAdventure */,
				C6AD68DE10E796092512A307 /* Pods */,
				6DC4D88B26729754CDF4A5A4 /* Frameworks */,
			);
			sourceTree = "<group>";
		};
		005EEFC32BC685EA00D46BB6 /* Products */ = {
			isa = PBXGroup;
			children = (
				005EEFC22BC685EA00D46BB6 /* CityAdventure.app */,
			);
			name = Products;
			sourceTree = "<group>";
		};
		005EEFC42BC685EA00D46BB6 /* CityAdventure */ = {
			isa = PBXGroup;
			children = (
				0090D90D2BE0B12600CE1F05 /* CityAdventure.entitlements */,
				00C35F962BC822BC00AB7B7D /* Manager */,
				00C35F872BC78A9200AB7B7D /* Model */,
				00C35F892BC78AF000AB7B7D /* ViewModel */,
				00C35F882BC78AE600AB7B7D /* View */,
				00C35F8A2BC78B0100AB7B7D /* Helper */,
				005EEFC52BC685EA00D46BB6 /* AppDelegate.swift */,
				005EEFC72BC685EA00D46BB6 /* SceneDelegate.swift */,
				00BE28692BE2804A007457A7 /* Resources */,
				005EEFCE2BC685EC00D46BB6 /* Assets.xcassets */,
				005EEFD02BC685EC00D46BB6 /* LaunchScreen.storyboard */,
				005EEFD32BC685EC00D46BB6 /* Info.plist */,
				00BD657A2BCC1D880070E013 /* GoogleService-Info.plist */,
			);
			path = CityAdventure;
			sourceTree = "<group>";
		};
		0090D90A2BE0AF6C00CE1F05 /* Login */ = {
			isa = PBXGroup;
			children = (
				0090D90B2BE0AF9300CE1F05 /* LoginViewController.swift */,
				00BE285F2BE1DCFC007457A7 /* LoginBackgroundViewController.swift */,
			);
			path = Login;
			sourceTree = "<group>";
		};
		0094CD8F2BCE14FD00820BE5 /* SecondTask */ = {
			isa = PBXGroup;
			children = (
				0094CD902BCE151B00820BE5 /* SecondTaskViewController.swift */,
			);
			path = SecondTask;
			sourceTree = "<group>";
		};
		00B72E242BD5FC3A00F531C0 /* Home */ = {
			isa = PBXGroup;
			children = (
				00C1AC2D2BD548D800C10DA0 /* HomeViewController.swift */,
				00B72E2B2BD65FAE00F531C0 /* Profile */,
				00B72E2C2BD65FCF00F531C0 /* AdventuringTask */,
				00B72E312BD66F8C00F531C0 /* exploreArea */,
				00B72E362BD6744D00F531C0 /* EpisodeList */,
				00B72E3B2BD68DFE00F531C0 /* TitleSupplementaryView.swift */,
			);
			path = Home;
			sourceTree = "<group>";
		};
		00B72E2B2BD65FAE00F531C0 /* Profile */ = {
			isa = PBXGroup;
			children = (
				00B72E272BD63B2C00F531C0 /* ProfileCell.swift */,
				00B72E292BD63C3000F531C0 /* ProfileCell.xib */,
			);
			path = Profile;
			sourceTree = "<group>";
		};
		00B72E2C2BD65FCF00F531C0 /* AdventuringTask */ = {
			isa = PBXGroup;
			children = (
				00B72E2D2BD6603600F531C0 /* AdventuringTaskCell.swift */,
				00B72E2F2BD6613600F531C0 /* AdventuringTaskCell.xib */,
			);
			path = AdventuringTask;
			sourceTree = "<group>";
		};
		00B72E312BD66F8C00F531C0 /* exploreArea */ = {
			isa = PBXGroup;
			children = (
				00B72E322BD66FFA00F531C0 /* ExploreAreaCell.swift */,
				00B72E342BD6703900F531C0 /* ExploreAreaCell.xib */,
			);
			path = exploreArea;
			sourceTree = "<group>";
		};
		00B72E362BD6744D00F531C0 /* EpisodeList */ = {
			isa = PBXGroup;
			children = (
				00B72E372BD6749100F531C0 /* EpisodeCell.swift */,
				00B72E392BD674D000F531C0 /* EpisodeCell.xib */,
			);
			path = EpisodeList;
			sourceTree = "<group>";
		};
		00B97F012BCD317B003E2327 /* FirstTask */ = {
			isa = PBXGroup;
			children = (
				00A629202BCCD7C100F72AC0 /* FirstTaskViewController.swift */,
				00B97F022BCD31C7003E2327 /* ScannerViewController.swift */,
				00B97F042BCD5E1F003E2327 /* SpeechViewController.swift */,
				0015A5332BE76DEB00FE931E /* ScanRectView.swift */,
			);
			path = FirstTask;
			sourceTree = "<group>";
		};
		00BE28692BE2804A007457A7 /* Resources */ = {
			isa = PBXGroup;
			children = (
				00BE28672BE28028007457A7 /* Animation_Success.json */,
			);
			path = Resources;
			sourceTree = "<group>";
		};
		00C35F872BC78A9200AB7B7D /* Model */ = {
			isa = PBXGroup;
			children = (
				00BE28632BE275ED007457A7 /* FoodFromTaiwan.mlmodel */,
				00C35F942BC7F27600AB7B7D /* TaskModel.swift */,
				00C1AC2F2BD583F500C10DA0 /* Section.swift */,
				00C92D682BD7DBD800631D3E /* Profile.swift */,
			);
			path = Model;
			sourceTree = "<group>";
		};
		00C35F882BC78AE600AB7B7D /* View */ = {
			isa = PBXGroup;
			children = (
				0090D90A2BE0AF6C00CE1F05 /* Login */,
				00C890A12BDA567500A430A2 /* Profile */,
				00B72E242BD5FC3A00F531C0 /* Home */,
				00D01B8F2BDCB99200E4A0C7 /* EpisodeDetail */,
				00CEB1382BCAC07400AC350B /* Task */,
				00B97F012BCD317B003E2327 /* FirstTask */,
				0094CD8F2BCE14FD00820BE5 /* SecondTask */,
				0039BEBD2BD1209B00D8B20A /* ThirdTask */,
				00BE28652BE27C46007457A7 /* SuccessViewController.swift */,
			);
			path = View;
			sourceTree = "<group>";
		};
		00C35F892BC78AF000AB7B7D /* ViewModel */ = {
			isa = PBXGroup;
			children = (
				0090D9102BE10B0100CE1F05 /* LoginViewModel.swift */,
				00C92D662BD75B1200631D3E /* HomeViewModel.swift */,
				00D01B8D2BDC9A5400E4A0C7 /* ProfileViewModel.swift */,
				00D01B962BDE964600E4A0C7 /* EpisodeDetailViewModel.swift */,
				0095D00A2BC94CAA001E680B /* TaskViewModel.swift */,
				00B97F062BCD6E49003E2327 /* SpeechViewModel.swift */,
				00C66F2B2BCF7A8000B5DA62 /* MapViewModel.swift */,
				00B3E88D2BE38C5700B612AA /* SuccessViewModel.swift */,
				0092F18B2BE9F86400C7394D /* AuthenticationViewModel.swift */,
			);
			path = ViewModel;
			sourceTree = "<group>";
		};
		00C35F8A2BC78B0100AB7B7D /* Helper */ = {
			isa = PBXGroup;
			children = (
				00CEB1322BCA87D900AC350B /* UIColorExt.swift */,
				00B989782BDF885500C695D7 /* MKCoordinateRegionExt.swift */,
				0090D90E2BE0DEEA00CE1F05 /* CustomFunc.swift */,
				00B3E88F2BE67DBF00B612AA /* UIViewControllerExt.swift */,
				0092F1892BE9E57E00C7394D /* SignInWithAppleManager.swift */,
			);
			path = Helper;
			sourceTree = "<group>";
		};
		00C35F962BC822BC00AB7B7D /* Manager */ = {
			isa = PBXGroup;
			children = (
				00C35F972BC822D600AB7B7D /* FireStoreManager.swift */,
				00B72E252BD6078600F531C0 /* UploadEpisode.swift */,
			);
			path = Manager;
			sourceTree = "<group>";
		};
		00C890A12BDA567500A430A2 /* Profile */ = {
			isa = PBXGroup;
			children = (
				00C890A22BDA568D00A430A2 /* ProfileViewController.swift */,
				00C890A42BDAD13800A430A2 /* Post */,
			);
			path = Profile;
			sourceTree = "<group>";
		};
		00C890A42BDAD13800A430A2 /* Post */ = {
			isa = PBXGroup;
			children = (
				00C890A52BDAD16B00A430A2 /* PostCell.swift */,
				00C890A72BDAD27100A430A2 /* PostCell.xib */,
			);
			path = Post;
			sourceTree = "<group>";
		};
		00CEB1382BCAC07400AC350B /* Task */ = {
			isa = PBXGroup;
			children = (
				00BE28612BE22847007457A7 /* EpisodeViewController.swift */,
				00CEB13D2BCAC4A900AC350B /* MapViewController.swift */,
				00CEB1342BCA957100AC350B /* TaskCell.swift */,
				00CEB1362BCA95F500AC350B /* TaskCell.xib */,
				005EEFC92BC685EA00D46BB6 /* BaseTaskViewController.swift */,
				0094CD922BCE992C00820BE5 /* MapPin.swift */,
				0015A5312BE7218D00FE931E /* UIAnimationController.swift */,
			);
			path = Task;
			sourceTree = "<group>";
		};
		00D01B8F2BDCB99200E4A0C7 /* EpisodeDetail */ = {
			isa = PBXGroup;
			children = (
				00D01B902BDCB9BF00E4A0C7 /* EpisodeDetailViewController.swift */,
				00D01B922BDE0B4D00E4A0C7 /* CustomAnnotations.swift */,
				00D01B942BDE921A00E4A0C7 /* CustomAnnotationsView.swift */,
				00D01B982BDEB27100E4A0C7 /* TaskDetailView.swift */,
			);
			path = EpisodeDetail;
			sourceTree = "<group>";
		};
		6DC4D88B26729754CDF4A5A4 /* Frameworks */ = {
			isa = PBXGroup;
			children = (
				005EEFC32BC685EA00D46BB6 /* Products */,
				A0AE49F8F3964B5A4ED19429 /* Pods_CityAdventure.framework */,
			);
			name = Frameworks;
			sourceTree = "<group>";
		};
		C6AD68DE10E796092512A307 /* Pods */ = {
			isa = PBXGroup;
			children = (
				F6C75BC806E72FCE6F8B221B /* Pods-CityAdventure.debug.xcconfig */,
				14E4FACD6FB28F2FC12BF553 /* Pods-CityAdventure.release.xcconfig */,
			);
			path = Pods;
			sourceTree = "<group>";
		};
/* End PBXGroup section */

/* Begin PBXNativeTarget section */
		005EEFC12BC685EA00D46BB6 /* CityAdventure */ = {
			isa = PBXNativeTarget;
			buildConfigurationList = 005EEFD62BC685EC00D46BB6 /* Build configuration list for PBXNativeTarget "CityAdventure" */;
			buildPhases = (
				0B5CC540903F3A33AFD035BE /* [CP] Check Pods Manifest.lock */,
				005EEFBE2BC685EA00D46BB6 /* Sources */,
				005EEFBF2BC685EA00D46BB6 /* Frameworks */,
				005EEFC02BC685EA00D46BB6 /* Resources */,
				005EEFDA2BC6C48400D46BB6 /* ShellScript */,
				D4036AAD3449C15F2AFE2CA9 /* [CP] Embed Pods Frameworks */,
				009396382BEB88E200271428 /* ShellScript */,
			);
			buildRules = (
			);
			dependencies = (
			);
			name = CityAdventure;
			packageProductDependencies = (
				00C35F8E2BC7C18800AB7B7D /* FirebaseAuth */,
				00C35F902BC7C18800AB7B7D /* FirebaseDatabaseSwift */,
				00C35F922BC7C18800AB7B7D /* FirebaseFirestoreSwift */,
				009396302BEB7A8F00271428 /* FirebaseCrashlytics */,
				009396342BEB7BEE00271428 /* FirebaseAnalyticsSwift */,
			);
			productName = CityAdventure;
			productReference = 005EEFC22BC685EA00D46BB6 /* CityAdventure.app */;
			productType = "com.apple.product-type.application";
		};
/* End PBXNativeTarget section */

/* Begin PBXProject section */
		005EEFBA2BC685EA00D46BB6 /* Project object */ = {
			isa = PBXProject;
			attributes = {
				BuildIndependentTargetsInParallel = 1;
				LastSwiftUpdateCheck = 1430;
				LastUpgradeCheck = 1430;
				TargetAttributes = {
					005EEFC12BC685EA00D46BB6 = {
						CreatedOnToolsVersion = 14.3.1;
					};
				};
			};
			buildConfigurationList = 005EEFBD2BC685EA00D46BB6 /* Build configuration list for PBXProject "CityAdventure" */;
			compatibilityVersion = "Xcode 14.0";
			developmentRegion = en;
			hasScannedForEncodings = 0;
			knownRegions = (
				en,
				Base,
			);
			mainGroup = 005EEFB92BC685EA00D46BB6;
			packageReferences = (
				00C35F8D2BC7C18800AB7B7D /* XCRemoteSwiftPackageReference "firebase-ios-sdk" */,
			);
			productRefGroup = 005EEFC32BC685EA00D46BB6 /* Products */;
			projectDirPath = "";
			projectRoot = "";
			targets = (
				005EEFC12BC685EA00D46BB6 /* CityAdventure */,
			);
		};
/* End PBXProject section */

/* Begin PBXResourcesBuildPhase section */
		005EEFC02BC685EA00D46BB6 /* Resources */ = {
			isa = PBXResourcesBuildPhase;
			buildActionMask = 2147483647;
			files = (
				00BD657B2BCC1D880070E013 /* GoogleService-Info.plist in Resources */,
				00B72E3A2BD674D000F531C0 /* EpisodeCell.xib in Resources */,
				00CEB1372BCA95F500AC350B /* TaskCell.xib in Resources */,
				00B72E302BD6613600F531C0 /* AdventuringTaskCell.xib in Resources */,
				00BE28682BE28028007457A7 /* Animation_Success.json in Resources */,
				00C890A82BDAD27100A430A2 /* PostCell.xib in Resources */,
				00B72E2A2BD63C3000F531C0 /* ProfileCell.xib in Resources */,
				005EEFD22BC685EC00D46BB6 /* LaunchScreen.storyboard in Resources */,
				00B72E352BD6703900F531C0 /* ExploreAreaCell.xib in Resources */,
				005EEFCF2BC685EC00D46BB6 /* Assets.xcassets in Resources */,
			);
			runOnlyForDeploymentPostprocessing = 0;
		};
/* End PBXResourcesBuildPhase section */

/* Begin PBXShellScriptBuildPhase section */
		005EEFDA2BC6C48400D46BB6 /* ShellScript */ = {
			isa = PBXShellScriptBuildPhase;
			alwaysOutOfDate = 1;
			buildActionMask = 12;
			files = (
			);
			inputFileListPaths = (
			);
			inputPaths = (
			);
			outputFileListPaths = (
			);
			outputPaths = (
			);
			runOnlyForDeploymentPostprocessing = 0;
			shellPath = /bin/sh;
			shellScript = "# Type a script or drag a script file from your workspace to insert its path.\n\n\"${PODS_ROOT}/SwiftLint/swiftlint\"\n";
		};
		009396382BEB88E200271428 /* ShellScript */ = {
			isa = PBXShellScriptBuildPhase;
			buildActionMask = 2147483647;
			files = (
			);
			inputFileListPaths = (
			);
			inputPaths = (
				"${DWARF_DSYM_FOLDER_PATH}/${DWARF_DSYM_FILE_NAME}",
				"${DWARF_DSYM_FOLDER_PATH}/${DWARF_DSYM_FILE_NAME}/Contents/Resources/DWARF/${PRODUCT_NAME}",
				"${DWARF_DSYM_FOLDER_PATH}/${DWARF_DSYM_FILE_NAME}/Contents/Info.plist",
				"$(TARGET_BUILD_DIR)/$(UNLOCALIZED_RESOURCES_FOLDER_PATH)/GoogleService-Info.plist",
				"$(TARGET_BUILD_DIR)/$(EXECUTABLE_PATH)",
			);
			outputFileListPaths = (
			);
			outputPaths = (
			);
			runOnlyForDeploymentPostprocessing = 0;
			shellPath = /bin/sh;
			shellScript = "# Type a script or drag a script file from your workspace to insert its path.\n\n\"${BUILD_DIR%Build/*}SourcePackages/checkouts/firebase-ios-sdk/Crashlytics/run\"\n";
		};
		0B5CC540903F3A33AFD035BE /* [CP] Check Pods Manifest.lock */ = {
			isa = PBXShellScriptBuildPhase;
			buildActionMask = 2147483647;
			files = (
			);
			inputFileListPaths = (
			);
			inputPaths = (
				"${PODS_PODFILE_DIR_PATH}/Podfile.lock",
				"${PODS_ROOT}/Manifest.lock",
			);
			name = "[CP] Check Pods Manifest.lock";
			outputFileListPaths = (
			);
			outputPaths = (
				"$(DERIVED_FILE_DIR)/Pods-CityAdventure-checkManifestLockResult.txt",
			);
			runOnlyForDeploymentPostprocessing = 0;
			shellPath = /bin/sh;
			shellScript = "diff \"${PODS_PODFILE_DIR_PATH}/Podfile.lock\" \"${PODS_ROOT}/Manifest.lock\" > /dev/null\nif [ $? != 0 ] ; then\n    # print error to STDERR\n    echo \"error: The sandbox is not in sync with the Podfile.lock. Run 'pod install' or update your CocoaPods installation.\" >&2\n    exit 1\nfi\n# This output is used by Xcode 'outputs' to avoid re-running this script phase.\necho \"SUCCESS\" > \"${SCRIPT_OUTPUT_FILE_0}\"\n";
			showEnvVarsInLog = 0;
		};
		D4036AAD3449C15F2AFE2CA9 /* [CP] Embed Pods Frameworks */ = {
			isa = PBXShellScriptBuildPhase;
			buildActionMask = 2147483647;
			files = (
			);
			inputFileListPaths = (
				"${PODS_ROOT}/Target Support Files/Pods-CityAdventure/Pods-CityAdventure-frameworks-${CONFIGURATION}-input-files.xcfilelist",
			);
			name = "[CP] Embed Pods Frameworks";
			outputFileListPaths = (
				"${PODS_ROOT}/Target Support Files/Pods-CityAdventure/Pods-CityAdventure-frameworks-${CONFIGURATION}-output-files.xcfilelist",
			);
			runOnlyForDeploymentPostprocessing = 0;
			shellPath = /bin/sh;
			shellScript = "\"${PODS_ROOT}/Target Support Files/Pods-CityAdventure/Pods-CityAdventure-frameworks.sh\"\n";
			showEnvVarsInLog = 0;
		};
/* End PBXShellScriptBuildPhase section */

/* Begin PBXSourcesBuildPhase section */
		005EEFBE2BC685EA00D46BB6 /* Sources */ = {
			isa = PBXSourcesBuildPhase;
			buildActionMask = 2147483647;
			files = (
				00B72E2E2BD6603600F531C0 /* AdventuringTaskCell.swift in Sources */,
				0039BEC12BD153DD00D8B20A /* RecognizerViewController.swift in Sources */,
				0090D90C2BE0AF9300CE1F05 /* LoginViewController.swift in Sources */,
				00CEB13E2BCAC4A900AC350B /* MapViewController.swift in Sources */,
				005EEFCA2BC685EA00D46BB6 /* BaseTaskViewController.swift in Sources */,
				00C66F2C2BCF7A8000B5DA62 /* MapViewModel.swift in Sources */,
				00C890A32BDA568D00A430A2 /* ProfileViewController.swift in Sources */,
				00D01B932BDE0B4D00E4A0C7 /* CustomAnnotations.swift in Sources */,
				00B3E8902BE67DBF00B612AA /* UIViewControllerExt.swift in Sources */,
				00B97F052BCD5E1F003E2327 /* SpeechViewController.swift in Sources */,
				00C890A62BDAD16B00A430A2 /* PostCell.swift in Sources */,
				00C1AC2E2BD548D800C10DA0 /* HomeViewController.swift in Sources */,
				00C92D692BD7DBD800631D3E /* Profile.swift in Sources */,
				00B72E332BD66FFA00F531C0 /* ExploreAreaCell.swift in Sources */,
				00B97F072BCD6E49003E2327 /* SpeechViewModel.swift in Sources */,
				0039BEBF2BD120BD00D8B20A /* ThirdTaskViewController.swift in Sources */,
				00BE28642BE275ED007457A7 /* FoodFromTaiwan.mlmodel in Sources */,
				0095D00B2BC94CAA001E680B /* TaskViewModel.swift in Sources */,
				00D01B972BDE964600E4A0C7 /* EpisodeDetailViewModel.swift in Sources */,
				005EEFC62BC685EA00D46BB6 /* AppDelegate.swift in Sources */,
				0090D9112BE10B0100CE1F05 /* LoginViewModel.swift in Sources */,
				0090D90F2BE0DEEA00CE1F05 /* CustomFunc.swift in Sources */,
				00BE28602BE1DCFC007457A7 /* LoginBackgroundViewController.swift in Sources */,
				00B72E262BD6078600F531C0 /* UploadEpisode.swift in Sources */,
				00C35F952BC7F27600AB7B7D /* TaskModel.swift in Sources */,
				0094CD932BCE992C00820BE5 /* MapPin.swift in Sources */,
				0094CD912BCE151B00820BE5 /* SecondTaskViewController.swift in Sources */,
				00C1AC302BD583F500C10DA0 /* Section.swift in Sources */,
				00CEB1352BCA957100AC350B /* TaskCell.swift in Sources */,
				00CEB1332BCA87D900AC350B /* UIColorExt.swift in Sources */,
				00D01B992BDEB27100E4A0C7 /* TaskDetailView.swift in Sources */,
				0092F18A2BE9E57E00C7394D /* SignInWithAppleManager.swift in Sources */,
				00B989792BDF885500C695D7 /* MKCoordinateRegionExt.swift in Sources */,
				0015A5322BE7218D00FE931E /* UIAnimationController.swift in Sources */,
				00B72E282BD63B2C00F531C0 /* ProfileCell.swift in Sources */,
				00C35F982BC822D600AB7B7D /* FireStoreManager.swift in Sources */,
				0092F18C2BE9F86400C7394D /* AuthenticationViewModel.swift in Sources */,
				00B3E88E2BE38C5700B612AA /* SuccessViewModel.swift in Sources */,
				00B72E3C2BD68DFE00F531C0 /* TitleSupplementaryView.swift in Sources */,
				00B97F032BCD31C7003E2327 /* ScannerViewController.swift in Sources */,
				00B72E382BD6749100F531C0 /* EpisodeCell.swift in Sources */,
				00BE28622BE22847007457A7 /* EpisodeViewController.swift in Sources */,
				00D01B912BDCB9BF00E4A0C7 /* EpisodeDetailViewController.swift in Sources */,
				00D01B8E2BDC9A5400E4A0C7 /* ProfileViewModel.swift in Sources */,
				005EEFC82BC685EA00D46BB6 /* SceneDelegate.swift in Sources */,
				0015A5342BE76DEB00FE931E /* ScanRectView.swift in Sources */,
				00D01B952BDE921A00E4A0C7 /* CustomAnnotationsView.swift in Sources */,
				00C92D672BD75B1200631D3E /* HomeViewModel.swift in Sources */,
				00BE28662BE27C46007457A7 /* SuccessViewController.swift in Sources */,
				00A629212BCCD7C100F72AC0 /* FirstTaskViewController.swift in Sources */,
			);
			runOnlyForDeploymentPostprocessing = 0;
		};
/* End PBXSourcesBuildPhase section */

/* Begin PBXVariantGroup section */
		005EEFD02BC685EC00D46BB6 /* LaunchScreen.storyboard */ = {
			isa = PBXVariantGroup;
			children = (
				005EEFD12BC685EC00D46BB6 /* Base */,
			);
			name = LaunchScreen.storyboard;
			sourceTree = "<group>";
		};
/* End PBXVariantGroup section */

/* Begin XCBuildConfiguration section */
		005EEFD42BC685EC00D46BB6 /* Debug */ = {
			isa = XCBuildConfiguration;
			buildSettings = {
				ALWAYS_SEARCH_USER_PATHS = NO;
				CLANG_ANALYZER_NONNULL = YES;
				CLANG_ANALYZER_NUMBER_OBJECT_CONVERSION = YES_AGGRESSIVE;
				CLANG_CXX_LANGUAGE_STANDARD = "gnu++20";
				CLANG_ENABLE_MODULES = YES;
				CLANG_ENABLE_OBJC_ARC = YES;
				CLANG_ENABLE_OBJC_WEAK = YES;
				CLANG_WARN_BLOCK_CAPTURE_AUTORELEASING = YES;
				CLANG_WARN_BOOL_CONVERSION = YES;
				CLANG_WARN_COMMA = YES;
				CLANG_WARN_CONSTANT_CONVERSION = YES;
				CLANG_WARN_DEPRECATED_OBJC_IMPLEMENTATIONS = YES;
				CLANG_WARN_DIRECT_OBJC_ISA_USAGE = YES_ERROR;
				CLANG_WARN_DOCUMENTATION_COMMENTS = YES;
				CLANG_WARN_EMPTY_BODY = YES;
				CLANG_WARN_ENUM_CONVERSION = YES;
				CLANG_WARN_INFINITE_RECURSION = YES;
				CLANG_WARN_INT_CONVERSION = YES;
				CLANG_WARN_NON_LITERAL_NULL_CONVERSION = YES;
				CLANG_WARN_OBJC_IMPLICIT_RETAIN_SELF = YES;
				CLANG_WARN_OBJC_LITERAL_CONVERSION = YES;
				CLANG_WARN_OBJC_ROOT_CLASS = YES_ERROR;
				CLANG_WARN_QUOTED_INCLUDE_IN_FRAMEWORK_HEADER = YES;
				CLANG_WARN_RANGE_LOOP_ANALYSIS = YES;
				CLANG_WARN_STRICT_PROTOTYPES = YES;
				CLANG_WARN_SUSPICIOUS_MOVE = YES;
				CLANG_WARN_UNGUARDED_AVAILABILITY = YES_AGGRESSIVE;
				CLANG_WARN_UNREACHABLE_CODE = YES;
				CLANG_WARN__DUPLICATE_METHOD_MATCH = YES;
				COPY_PHASE_STRIP = NO;
				DEBUG_INFORMATION_FORMAT = "dwarf-with-dsym";
				ENABLE_STRICT_OBJC_MSGSEND = YES;
				ENABLE_TESTABILITY = YES;
				GCC_C_LANGUAGE_STANDARD = gnu11;
				GCC_DYNAMIC_NO_PIC = NO;
				GCC_NO_COMMON_BLOCKS = YES;
				GCC_OPTIMIZATION_LEVEL = 0;
				GCC_PREPROCESSOR_DEFINITIONS = (
					"DEBUG=1",
					"$(inherited)",
				);
				GCC_WARN_64_TO_32_BIT_CONVERSION = YES;
				GCC_WARN_ABOUT_RETURN_TYPE = YES_ERROR;
				GCC_WARN_UNDECLARED_SELECTOR = YES;
				GCC_WARN_UNINITIALIZED_AUTOS = YES_AGGRESSIVE;
				GCC_WARN_UNUSED_FUNCTION = YES;
				GCC_WARN_UNUSED_VARIABLE = YES;
				IPHONEOS_DEPLOYMENT_TARGET = 17.0;
				MTL_ENABLE_DEBUG_INFO = INCLUDE_SOURCE;
				MTL_FAST_MATH = YES;
				ONLY_ACTIVE_ARCH = YES;
				SDKROOT = iphoneos;
				SWIFT_ACTIVE_COMPILATION_CONDITIONS = DEBUG;
				SWIFT_OPTIMIZATION_LEVEL = "-Onone";
			};
			name = Debug;
		};
		005EEFD52BC685EC00D46BB6 /* Release */ = {
			isa = XCBuildConfiguration;
			buildSettings = {
				ALWAYS_SEARCH_USER_PATHS = NO;
				CLANG_ANALYZER_NONNULL = YES;
				CLANG_ANALYZER_NUMBER_OBJECT_CONVERSION = YES_AGGRESSIVE;
				CLANG_CXX_LANGUAGE_STANDARD = "gnu++20";
				CLANG_ENABLE_MODULES = YES;
				CLANG_ENABLE_OBJC_ARC = YES;
				CLANG_ENABLE_OBJC_WEAK = YES;
				CLANG_WARN_BLOCK_CAPTURE_AUTORELEASING = YES;
				CLANG_WARN_BOOL_CONVERSION = YES;
				CLANG_WARN_COMMA = YES;
				CLANG_WARN_CONSTANT_CONVERSION = YES;
				CLANG_WARN_DEPRECATED_OBJC_IMPLEMENTATIONS = YES;
				CLANG_WARN_DIRECT_OBJC_ISA_USAGE = YES_ERROR;
				CLANG_WARN_DOCUMENTATION_COMMENTS = YES;
				CLANG_WARN_EMPTY_BODY = YES;
				CLANG_WARN_ENUM_CONVERSION = YES;
				CLANG_WARN_INFINITE_RECURSION = YES;
				CLANG_WARN_INT_CONVERSION = YES;
				CLANG_WARN_NON_LITERAL_NULL_CONVERSION = YES;
				CLANG_WARN_OBJC_IMPLICIT_RETAIN_SELF = YES;
				CLANG_WARN_OBJC_LITERAL_CONVERSION = YES;
				CLANG_WARN_OBJC_ROOT_CLASS = YES_ERROR;
				CLANG_WARN_QUOTED_INCLUDE_IN_FRAMEWORK_HEADER = YES;
				CLANG_WARN_RANGE_LOOP_ANALYSIS = YES;
				CLANG_WARN_STRICT_PROTOTYPES = YES;
				CLANG_WARN_SUSPICIOUS_MOVE = YES;
				CLANG_WARN_UNGUARDED_AVAILABILITY = YES_AGGRESSIVE;
				CLANG_WARN_UNREACHABLE_CODE = YES;
				CLANG_WARN__DUPLICATE_METHOD_MATCH = YES;
				COPY_PHASE_STRIP = NO;
				DEBUG_INFORMATION_FORMAT = "dwarf-with-dsym";
				ENABLE_NS_ASSERTIONS = NO;
				ENABLE_STRICT_OBJC_MSGSEND = YES;
				GCC_C_LANGUAGE_STANDARD = gnu11;
				GCC_NO_COMMON_BLOCKS = YES;
				GCC_WARN_64_TO_32_BIT_CONVERSION = YES;
				GCC_WARN_ABOUT_RETURN_TYPE = YES_ERROR;
				GCC_WARN_UNDECLARED_SELECTOR = YES;
				GCC_WARN_UNINITIALIZED_AUTOS = YES_AGGRESSIVE;
				GCC_WARN_UNUSED_FUNCTION = YES;
				GCC_WARN_UNUSED_VARIABLE = YES;
				IPHONEOS_DEPLOYMENT_TARGET = 17.0;
				MTL_ENABLE_DEBUG_INFO = NO;
				MTL_FAST_MATH = YES;
				SDKROOT = iphoneos;
				SWIFT_COMPILATION_MODE = wholemodule;
				SWIFT_OPTIMIZATION_LEVEL = "-O";
				VALIDATE_PRODUCT = YES;
			};
			name = Release;
		};
		005EEFD72BC685EC00D46BB6 /* Debug */ = {
			isa = XCBuildConfiguration;
			baseConfigurationReference = F6C75BC806E72FCE6F8B221B /* Pods-CityAdventure.debug.xcconfig */;
			buildSettings = {
				ASSETCATALOG_COMPILER_APPICON_NAME = AppIcon;
				ASSETCATALOG_COMPILER_GLOBAL_ACCENT_COLOR_NAME = AccentColor;
				CODE_SIGN_ENTITLEMENTS = CityAdventure/CityAdventure.entitlements;
				CODE_SIGN_IDENTITY = "Apple Development";
				CODE_SIGN_STYLE = Automatic;
				CURRENT_PROJECT_VERSION = 3;
				DEVELOPMENT_TEAM = 5FN9342AS5;
				GENERATE_INFOPLIST_FILE = YES;
				INFOPLIST_FILE = CityAdventure/Info.plist;
				INFOPLIST_KEY_NSCameraUsageDescription = "城市探險需要您的相機來掃描QR Code已取得任務題目。";
				INFOPLIST_KEY_NSLocationWhenInUseUsageDescription = "城市探險需要知道您的位置以判斷您是否在抵達任務地點";
				INFOPLIST_KEY_NSMicrophoneUsageDescription = "當你按下「開始識別」，我們將使用麥克風進行錄音。";
				INFOPLIST_KEY_NSSpeechRecognitionUsageDescription = "當你對著麥克風說話時，我們將進行語音識別已回填答案。";
				INFOPLIST_KEY_UIApplicationSupportsIndirectInputEvents = YES;
				INFOPLIST_KEY_UILaunchStoryboardName = LaunchScreen;
				INFOPLIST_KEY_UISupportedInterfaceOrientations = UIInterfaceOrientationPortrait;
				INFOPLIST_KEY_UISupportedInterfaceOrientations_iPad = "UIInterfaceOrientationLandscapeLeft UIInterfaceOrientationLandscapeRight UIInterfaceOrientationPortrait UIInterfaceOrientationPortraitUpsideDown";
				LD_RUNPATH_SEARCH_PATHS = (
					"$(inherited)",
					"@executable_path/Frameworks",
				);
				MARKETING_VERSION = 1.0.1;
				PRODUCT_BUNDLE_IDENTIFIER = com.cpc.CityAdventure;
				PRODUCT_NAME = "$(TARGET_NAME)";
				PROVISIONING_PROFILE_SPECIFIER = "";
				SUPPORTED_PLATFORMS = "iphoneos iphonesimulator";
				SUPPORTS_MACCATALYST = NO;
				SUPPORTS_MAC_DESIGNED_FOR_IPHONE_IPAD = NO;
				SUPPORTS_XR_DESIGNED_FOR_IPHONE_IPAD = NO;
				SWIFT_EMIT_LOC_STRINGS = YES;
				SWIFT_VERSION = 5.0;
				TARGETED_DEVICE_FAMILY = 1;
			};
			name = Debug;
		};
		005EEFD82BC685EC00D46BB6 /* Release */ = {
			isa = XCBuildConfiguration;
			baseConfigurationReference = 14E4FACD6FB28F2FC12BF553 /* Pods-CityAdventure.release.xcconfig */;
			buildSettings = {
				ASSETCATALOG_COMPILER_APPICON_NAME = AppIcon;
				ASSETCATALOG_COMPILER_GLOBAL_ACCENT_COLOR_NAME = AccentColor;
				CODE_SIGN_ENTITLEMENTS = CityAdventure/CityAdventure.entitlements;
				CODE_SIGN_IDENTITY = "Apple Development";
				CODE_SIGN_STYLE = Automatic;
				CURRENT_PROJECT_VERSION = 3;
				DEVELOPMENT_TEAM = 5FN9342AS5;
				GENERATE_INFOPLIST_FILE = YES;
				INFOPLIST_FILE = CityAdventure/Info.plist;
				INFOPLIST_KEY_NSCameraUsageDescription = "城市探險需要您的相機來掃描QR Code已取得任務題目。";
				INFOPLIST_KEY_NSLocationWhenInUseUsageDescription = "城市探險需要知道您的位置以判斷您是否在抵達任務地點";
				INFOPLIST_KEY_NSMicrophoneUsageDescription = "當你按下「開始識別」，我們將使用麥克風進行錄音。";
				INFOPLIST_KEY_NSSpeechRecognitionUsageDescription = "當你對著麥克風說話時，我們將進行語音識別已回填答案。";
				INFOPLIST_KEY_UIApplicationSupportsIndirectInputEvents = YES;
				INFOPLIST_KEY_UILaunchStoryboardName = LaunchScreen;
				INFOPLIST_KEY_UISupportedInterfaceOrientations = UIInterfaceOrientationPortrait;
				INFOPLIST_KEY_UISupportedInterfaceOrientations_iPad = "UIInterfaceOrientationLandscapeLeft UIInterfaceOrientationLandscapeRight UIInterfaceOrientationPortrait UIInterfaceOrientationPortraitUpsideDown";
				LD_RUNPATH_SEARCH_PATHS = (
					"$(inherited)",
					"@executable_path/Frameworks",
				);
				MARKETING_VERSION = 1.0.1;
				PRODUCT_BUNDLE_IDENTIFIER = com.cpc.CityAdventure;
				PRODUCT_NAME = "$(TARGET_NAME)";
				PROVISIONING_PROFILE_SPECIFIER = "";
				SUPPORTED_PLATFORMS = "iphoneos iphonesimulator";
				SUPPORTS_MACCATALYST = NO;
				SUPPORTS_MAC_DESIGNED_FOR_IPHONE_IPAD = NO;
				SUPPORTS_XR_DESIGNED_FOR_IPHONE_IPAD = NO;
				SWIFT_EMIT_LOC_STRINGS = YES;
				SWIFT_VERSION = 5.0;
				TARGETED_DEVICE_FAMILY = 1;
			};
			name = Release;
		};
/* End XCBuildConfiguration section */

/* Begin XCConfigurationList section */
		005EEFBD2BC685EA00D46BB6 /* Build configuration list for PBXProject "CityAdventure" */ = {
			isa = XCConfigurationList;
			buildConfigurations = (
				005EEFD42BC685EC00D46BB6 /* Debug */,
				005EEFD52BC685EC00D46BB6 /* Release */,
			);
			defaultConfigurationIsVisible = 0;
			defaultConfigurationName = Release;
		};
		005EEFD62BC685EC00D46BB6 /* Build configuration list for PBXNativeTarget "CityAdventure" */ = {
			isa = XCConfigurationList;
			buildConfigurations = (
				005EEFD72BC685EC00D46BB6 /* Debug */,
				005EEFD82BC685EC00D46BB6 /* Release */,
			);
			defaultConfigurationIsVisible = 0;
			defaultConfigurationName = Release;
		};
/* End XCConfigurationList section */

/* Begin XCRemoteSwiftPackageReference section */
		00C35F8D2BC7C18800AB7B7D /* XCRemoteSwiftPackageReference "firebase-ios-sdk" */ = {
			isa = XCRemoteSwiftPackageReference;
			repositoryURL = "https://github.com/firebase/firebase-ios-sdk";
			requirement = {
				kind = upToNextMajorVersion;
				minimumVersion = 10.0.0;
			};
		};
/* End XCRemoteSwiftPackageReference section */

/* Begin XCSwiftPackageProductDependency section */
		009396302BEB7A8F00271428 /* FirebaseCrashlytics */ = {
			isa = XCSwiftPackageProductDependency;
			package = 00C35F8D2BC7C18800AB7B7D /* XCRemoteSwiftPackageReference "firebase-ios-sdk" */;
			productName = FirebaseCrashlytics;
		};
		009396342BEB7BEE00271428 /* FirebaseAnalyticsSwift */ = {
			isa = XCSwiftPackageProductDependency;
			package = 00C35F8D2BC7C18800AB7B7D /* XCRemoteSwiftPackageReference "firebase-ios-sdk" */;
			productName = FirebaseAnalyticsSwift;
		};
		00C35F8E2BC7C18800AB7B7D /* FirebaseAuth */ = {
			isa = XCSwiftPackageProductDependency;
			package = 00C35F8D2BC7C18800AB7B7D /* XCRemoteSwiftPackageReference "firebase-ios-sdk" */;
			productName = FirebaseAuth;
		};
		00C35F902BC7C18800AB7B7D /* FirebaseDatabaseSwift */ = {
			isa = XCSwiftPackageProductDependency;
			package = 00C35F8D2BC7C18800AB7B7D /* XCRemoteSwiftPackageReference "firebase-ios-sdk" */;
			productName = FirebaseDatabaseSwift;
		};
		00C35F922BC7C18800AB7B7D /* FirebaseFirestoreSwift */ = {
			isa = XCSwiftPackageProductDependency;
			package = 00C35F8D2BC7C18800AB7B7D /* XCRemoteSwiftPackageReference "firebase-ios-sdk" */;
			productName = FirebaseFirestoreSwift;
		};
/* End XCSwiftPackageProductDependency section */
	};
	rootObject = 005EEFBA2BC685EA00D46BB6 /* Project object */;
}
